Microsoft Visual Studio Solution File, Format Version 11.00
# Visual Studio 2008

Project("{BC08978E-EA8A-28A9-B770-F922569C2AA0}") = "asset_process_proj", "Assembly-CSharp-vs.csproj", "{FC7DE37E-2679-7AA8-AD70-4B93AB56C45F}"
EndProject
Project("{BC08978E-EA8A-28A9-B770-F922569C2AA0}") = "asset_process_proj", "Assembly-CSharp-Editor-vs.csproj", "{E044BE34-2321-57C0-15E0-2EC368720E9B}"
EndProject
Global
	GlobalSection(SolutionConfigurationPlatforms) = preSolution
		Debug|Any CPU = Debug|Any CPU
		Release|Any CPU = Release|Any CPU
	EndGlobalSection
	GlobalSection(ProjectConfigurationPlatforms) = postSolution
		{FC7DE37E-2679-7AA8-AD70-4B93AB56C45F}.Debug|Any CPU.ActiveCfg = Debug|Any CPU
		{FC7DE37E-2679-7AA8-AD70-4B93AB56C45F}.Debug|Any CPU.Build.0 = Debug|Any CPU
		{FC7DE37E-2679-7AA8-AD70-4B93AB56C45F}.Release|Any CPU.ActiveCfg = Release|Any CPU
		{FC7DE37E-2679-7AA8-AD70-4B93AB56C45F}.Release|Any CPU.Build.0 = Release|Any CPU
		{E044BE34-2321-57C0-15E0-2EC368720E9B}.Debug|Any CPU.ActiveCfg = Debug|Any CPU
		{E044BE34-2321-57C0-15E0-2EC368720E9B}.Debug|Any CPU.Build.0 = Debug|Any CPU
		{E044BE34-2321-57C0-15E0-2EC368720E9B}.Release|Any CPU.ActiveCfg = Release|Any CPU
		{E044BE34-2321-57C0-15E0-2EC368720E9B}.Release|Any CPU.Build.0 = Release|Any CPU
	EndGlobalSection
	GlobalSection(SolutionProperties) = preSolution
		HideSolutionNode = FALSE
	EndGlobalSection
																																																																																									GlobalSection(MonoDevelopProperties) = preSolution
		StartupItem = Assembly-CSharp.csproj
		Policies = $0
		$0.TextStylePolicy = $1
		$1.inheritsSet = null
		$1.scope = text/x-csharp
		$0.CSharpFormattingPolicy = $2
		$2.inheritsSet = Mono
		$2.inheritsScope = text/x-csharp
		$2.scope = text/x-csharp
		$0.TextStylePolicy = $3
		$3.FileWidth = 120
		$3.TabWidth = 4
		$3.IndentWidth = 4
		$3.EolMarker = Unix
		$3.inheritsSet = Mono
		$3.inheritsScope = text/plain
		$3.scope = text/plain
	EndGlobalSection

EndGlobal
