
Microsoft Visual Studio Solution File, Format Version 12.00
# Visual Studio 2015
Project("{FAE04EC0-301F-11D3-BF4B-00C04F79EFBC}") = "asset_process_proj.CSharp", "asset_process_proj.CSharp.csproj", "{CDA2563D-E62E-3382-D21F-F1217165CA78}"
EndProject
Project("{FAE04EC0-301F-11D3-BF4B-00C04F79EFBC}") = "asset_process_proj.CSharp.Editor", "asset_process_proj.CSharp.Editor.csproj", "{DB8ECD0F-DC67-4752-7930-ACD73697772F}"
EndProject
Global
	GlobalSection(SolutionConfigurationPlatforms) = preSolution
		Debug|Any CPU = Debug|Any CPU
		Release|Any CPU = Release|Any CPU
	EndGlobalSection
	GlobalSection(ProjectConfigurationPlatforms) = postSolution
		{CDA2563D-E62E-3382-D21F-F1217165CA78}.Debug|Any CPU.ActiveCfg = Debug|Any CPU
		{CDA2563D-E62E-3382-D21F-F1217165CA78}.Debug|Any CPU.Build.0 = Debug|Any CPU
		{CDA2563D-E62E-3382-D21F-F1217165CA78}.Release|Any CPU.ActiveCfg = Release|Any CPU
		{CDA2563D-E62E-3382-D21F-F1217165CA78}.Release|Any CPU.Build.0 = Release|Any CPU
		{DB8ECD0F-DC67-4752-7930-ACD73697772F}.Debug|Any CPU.ActiveCfg = Debug|Any CPU
		{DB8ECD0F-DC67-4752-7930-ACD73697772F}.Debug|Any CPU.Build.0 = Debug|Any CPU
		{DB8ECD0F-DC67-4752-7930-ACD73697772F}.Release|Any CPU.ActiveCfg = Release|Any CPU
		{DB8ECD0F-DC67-4752-7930-ACD73697772F}.Release|Any CPU.Build.0 = Release|Any CPU
	EndGlobalSection
	GlobalSection(SolutionProperties) = preSolution
		HideSolutionNode = FALSE
	EndGlobalSection
EndGlobal
