// !$*UTF8*$!
{
	archiveVersion = 1;
	classes = {
	};
	objectVersion = 48;
	objects = {

/* Begin PBXBuildFile section */
		4E00B14D1FF3885000018D9E /* AIBehaviour.cpp in Sources */ = {isa = PBXBuildFile; fileRef = 4E00B0DB1FF3885000018D9E /* AIBehaviour.cpp */; };
		4E00B14E1FF3885000018D9E /* AIFactory.cpp in Sources */ = {isa = PBXBuildFile; fileRef = 4E00B0DD1FF3885000018D9E /* AIFactory.cpp */; };
		4E00B14F1FF3885000018D9E /* AIRuntimeRotateSelf.cpp in Sources */ = {isa = PBXBuildFile; fileRef = 4E00B0DF1FF3885000018D9E /* AIRuntimeRotateSelf.cpp */; };
		4E00B1501FF3885000018D9E /* AITree.cpp in Sources */ = {isa = PBXBuildFile; fileRef = 4E00B0E11FF3885000018D9E /* AITree.cpp */; };
		4E00B1511FF3885000018D9E /* AITreeData.cpp in Sources */ = {isa = PBXBuildFile; fileRef = 4E00B0E41FF3885000018D9E /* AITreeData.cpp */; };
		4E00B1521FF3885000018D9E /* AIUtil.cpp in Sources */ = {isa = PBXBuildFile; fileRef = 4E00B0E61FF3885000018D9E /* AIUtil.cpp */; };
		4E00B1531FF3885000018D9E /* Common.cpp in Sources */ = {isa = PBXBuildFile; fileRef = 4E00B0E81FF3885000018D9E /* Common.cpp */; };
		4E00B1541FF3885000018D9E /* DefaultEquip.cpp in Sources */ = {isa = PBXBuildFile; fileRef = 4E00B0EA1FF3885000018D9E /* DefaultEquip.cpp */; };
		4E00B1551FF3885000018D9E /* EquipSuit.cpp in Sources */ = {isa = PBXBuildFile; fileRef = 4E00B0EC1FF3885000018D9E /* EquipSuit.cpp */; };
		4E00B1561FF3885000018D9E /* FashionList.cpp in Sources */ = {isa = PBXBuildFile; fileRef = 4E00B0EE1FF3885000018D9E /* FashionList.cpp */; };
		4E00B1571FF3885000018D9E /* FashionSuit.cpp in Sources */ = {isa = PBXBuildFile; fileRef = 4E00B0F01FF3885000018D9E /* FashionSuit.cpp */; };
		4E00B1581FF3885000018D9E /* GameCore.vcxproj in Resources */ = {isa = PBXBuildFile; fileRef = 4E00B0F21FF3885000018D9E /* GameCore.vcxproj */; };
		4E00B1591FF3885000018D9E /* GameCore.vcxproj.filters in Resources */ = {isa = PBXBuildFile; fileRef = 4E00B0F31FF3885000018D9E /* GameCore.vcxproj.filters */; };
		4E00B15A1FF3885000018D9E /* GameMain.cpp in Sources */ = {isa = PBXBuildFile; fileRef = 4E00B0F41FF3885000018D9E /* GameMain.cpp */; };
		4E00B15B1FF3885000018D9E /* GameObject.cpp in Sources */ = {isa = PBXBuildFile; fileRef = 4E00B0F61FF3885000018D9E /* GameObject.cpp */; };
		4E00B15C1FF3885000018D9E /* GameTime.cpp in Sources */ = {isa = PBXBuildFile; fileRef = 4E00B0F81FF3885000018D9E /* GameTime.cpp */; };
		4E00B15D1FF3885000018D9E /* Log.cpp in Sources */ = {isa = PBXBuildFile; fileRef = 4E00B0FC1FF3885000018D9E /* Log.cpp */; };
		4E00B15E1FF3885000018D9E /* NativeInterface.cpp in Sources */ = {isa = PBXBuildFile; fileRef = 4E00B0FE1FF3885000018D9E /* NativeInterface.cpp */; };
		4E00B15F1FF3885000018D9E /* NativeReader.cpp in Sources */ = {isa = PBXBuildFile; fileRef = 4E00B1001FF3885000018D9E /* NativeReader.cpp */; };
		4E00B1601FF3885000018D9E /* patch.c in Sources */ = {isa = PBXBuildFile; fileRef = 4E00B1021FF3885000018D9E /* patch.c */; };
		4E00B1611FF3885000018D9E /* QteStatusList.cpp in Sources */ = {isa = PBXBuildFile; fileRef = 4E00B1061FF3885000018D9E /* QteStatusList.cpp */; };
		4E00B1621FF3885000018D9E /* SceneList.cpp in Sources */ = {isa = PBXBuildFile; fileRef = 4E00B1081FF3885000018D9E /* SceneList.cpp */; };
		4E00B1631FF3885000018D9E /* SkillReader.cpp in Sources */ = {isa = PBXBuildFile; fileRef = 4E00B10B1FF3885000018D9E /* SkillReader.cpp */; };
		4E00B1641FF3885000018D9E /* Timer.cpp in Sources */ = {isa = PBXBuildFile; fileRef = 4E00B10D1FF3885000018D9E /* Timer.cpp */; };
		4E00B1651FF3885000018D9E /* tinyxml2.cpp in Sources */ = {isa = PBXBuildFile; fileRef = 4E00B10F1FF3885000018D9E /* tinyxml2.cpp */; };
		4E00B1661FF3885000018D9E /* Transform.cpp in Sources */ = {isa = PBXBuildFile; fileRef = 4E00B1111FF3885000018D9E /* Transform.cpp */; };
		4E00B1671FF3885000018D9E /* Vector3.cpp in Sources */ = {isa = PBXBuildFile; fileRef = 4E00B1131FF3885000018D9E /* Vector3.cpp */; };
		4E00B1681FF3885000018D9E /* XAIComponent.cpp in Sources */ = {isa = PBXBuildFile; fileRef = 4E00B1151FF3885000018D9E /* XAIComponent.cpp */; };
		4E00B1691FF3885000018D9E /* XArtsSkill.cpp in Sources */ = {isa = PBXBuildFile; fileRef = 4E00B1171FF3885000018D9E /* XArtsSkill.cpp */; };
		4E00B16A1FF3885000018D9E /* XAttributes.cpp in Sources */ = {isa = PBXBuildFile; fileRef = 4E00B11A1FF3885000018D9E /* XAttributes.cpp */; };
		4E00B16B1FF3885000018D9E /* XBeHitComponent.cpp in Sources */ = {isa = PBXBuildFile; fileRef = 4E00B11C1FF3885000018D9E /* XBeHitComponent.cpp */; };
		4E00B16C1FF3885000018D9E /* XBullet.cpp in Sources */ = {isa = PBXBuildFile; fileRef = 4E00B11E1FF3885000018D9E /* XBullet.cpp */; };
		4E00B16D1FF3885000018D9E /* XBulletCore.cpp in Sources */ = {isa = PBXBuildFile; fileRef = 4E00B1201FF3885000018D9E /* XBulletCore.cpp */; };
		4E00B16E1FF3885000018D9E /* XComponent.cpp in Sources */ = {isa = PBXBuildFile; fileRef = 4E00B1221FF3885000018D9E /* XComponent.cpp */; };
		4E00B16F1FF3885000018D9E /* XEntity.cpp in Sources */ = {isa = PBXBuildFile; fileRef = 4E00B1251FF3885000018D9E /* XEntity.cpp */; };
		4E00B1701FF3885000018D9E /* XEntityMgr.cpp in Sources */ = {isa = PBXBuildFile; fileRef = 4E00B1271FF3885000018D9E /* XEntityMgr.cpp */; };
		4E00B1711FF3885000018D9E /* XEntityPresentation.cpp in Sources */ = {isa = PBXBuildFile; fileRef = 4E00B1291FF3885000018D9E /* XEntityPresentation.cpp */; };
		4E00B1721FF3885000018D9E /* XEntityStatistics.cpp in Sources */ = {isa = PBXBuildFile; fileRef = 4E00B12B1FF3885000018D9E /* XEntityStatistics.cpp */; };
		4E00B1731FF3885000018D9E /* XEventArgs.cpp in Sources */ = {isa = PBXBuildFile; fileRef = 4E00B12D1FF3885000018D9E /* XEventArgs.cpp */; };
		4E00B1741FF3885000018D9E /* XEventMgr.cpp in Sources */ = {isa = PBXBuildFile; fileRef = 4E00B1301FF3885000018D9E /* XEventMgr.cpp */; };
		4E00B1751FF3885000018D9E /* XJAComboSkill.cpp in Sources */ = {isa = PBXBuildFile; fileRef = 4E00B1321FF3885000018D9E /* XJAComboSkill.cpp */; };
		4E00B1761FF3885000018D9E /* XNavigationComponent.cpp in Sources */ = {isa = PBXBuildFile; fileRef = 4E00B1351FF3885000018D9E /* XNavigationComponent.cpp */; };
		4E00B1771FF3885000018D9E /* XNpcList.cpp in Sources */ = {isa = PBXBuildFile; fileRef = 4E00B1371FF3885000018D9E /* XNpcList.cpp */; };
		4E00B1781FF3885000018D9E /* XObject.cpp in Sources */ = {isa = PBXBuildFile; fileRef = 4E00B1391FF3885000018D9E /* XObject.cpp */; };
		4E00B1791FF3885000018D9E /* XPlayer.cpp in Sources */ = {isa = PBXBuildFile; fileRef = 4E00B13B1FF3885000018D9E /* XPlayer.cpp */; };
		4E00B17A1FF3885000018D9E /* XRole.cpp in Sources */ = {isa = PBXBuildFile; fileRef = 4E00B13D1FF3885000018D9E /* XRole.cpp */; };
		4E00B17B1FF3885000018D9E /* XSkill.cpp in Sources */ = {isa = PBXBuildFile; fileRef = 4E00B13F1FF3885000018D9E /* XSkill.cpp */; };
		4E00B17C1FF3885000018D9E /* XSkillComponent.cpp in Sources */ = {isa = PBXBuildFile; fileRef = 4E00B1411FF3885000018D9E /* XSkillComponent.cpp */; };
		4E00B17D1FF3885000018D9E /* XSkillCore.cpp in Sources */ = {isa = PBXBuildFile; fileRef = 4E00B1431FF3885000018D9E /* XSkillCore.cpp */; };
		4E00B17E1FF3885000018D9E /* XSkillMgr.cpp in Sources */ = {isa = PBXBuildFile; fileRef = 4E00B1451FF3885000018D9E /* XSkillMgr.cpp */; };
		4E00B17F1FF3885000018D9E /* XStateMachine.cpp in Sources */ = {isa = PBXBuildFile; fileRef = 4E00B1481FF3885000018D9E /* XStateMachine.cpp */; };
		4E00B1801FF3885000018D9E /* XTimerCallback.cpp in Sources */ = {isa = PBXBuildFile; fileRef = 4E00B14A1FF3885000018D9E /* XTimerCallback.cpp */; };
		4E00B1811FF3885000018D9E /* XTimerMgr.cpp in Sources */ = {isa = PBXBuildFile; fileRef = 4E00B14B1FF3885000018D9E /* XTimerMgr.cpp */; };
/* End PBXBuildFile section */

/* Begin PBXFileReference section */
		4E00B0DB1FF3885000018D9E /* AIBehaviour.cpp */ = {isa = PBXFileReference; fileEncoding = 4; lastKnownFileType = sourcecode.cpp.cpp; path = AIBehaviour.cpp; sourceTree = "<group>"; };
		4E00B0DC1FF3885000018D9E /* AIBehaviour.h */ = {isa = PBXFileReference; fileEncoding = 4; lastKnownFileType = sourcecode.c.h; path = AIBehaviour.h; sourceTree = "<group>"; };
		4E00B0DD1FF3885000018D9E /* AIFactory.cpp */ = {isa = PBXFileReference; fileEncoding = 4; lastKnownFileType = sourcecode.cpp.cpp; path = AIFactory.cpp; sourceTree = "<group>"; };
		4E00B0DE1FF3885000018D9E /* AIFactory.h */ = {isa = PBXFileReference; fileEncoding = 4; lastKnownFileType = sourcecode.c.h; path = AIFactory.h; sourceTree = "<group>"; };
		4E00B0DF1FF3885000018D9E /* AIRuntimeRotateSelf.cpp */ = {isa = PBXFileReference; fileEncoding = 4; lastKnownFileType = sourcecode.cpp.cpp; path = AIRuntimeRotateSelf.cpp; sourceTree = "<group>"; };
		4E00B0E01FF3885000018D9E /* AIRuntimeRotateSelf.h */ = {isa = PBXFileReference; fileEncoding = 4; lastKnownFileType = sourcecode.c.h; path = AIRuntimeRotateSelf.h; sourceTree = "<group>"; };
		4E00B0E11FF3885000018D9E /* AITree.cpp */ = {isa = PBXFileReference; fileEncoding = 4; lastKnownFileType = sourcecode.cpp.cpp; path = AITree.cpp; sourceTree = "<group>"; };
		4E00B0E21FF3885000018D9E /* AITree.h */ = {isa = PBXFileReference; fileEncoding = 4; lastKnownFileType = sourcecode.c.h; path = AITree.h; sourceTree = "<group>"; };
		4E00B0E31FF3885000018D9E /* AITreeArg.h */ = {isa = PBXFileReference; fileEncoding = 4; lastKnownFileType = sourcecode.c.h; path = AITreeArg.h; sourceTree = "<group>"; };
		4E00B0E41FF3885000018D9E /* AITreeData.cpp */ = {isa = PBXFileReference; fileEncoding = 4; lastKnownFileType = sourcecode.cpp.cpp; path = AITreeData.cpp; sourceTree = "<group>"; };
		4E00B0E51FF3885000018D9E /* AITreeData.h */ = {isa = PBXFileReference; fileEncoding = 4; lastKnownFileType = sourcecode.c.h; path = AITreeData.h; sourceTree = "<group>"; };
		4E00B0E61FF3885000018D9E /* AIUtil.cpp */ = {isa = PBXFileReference; fileEncoding = 4; lastKnownFileType = sourcecode.cpp.cpp; path = AIUtil.cpp; sourceTree = "<group>"; };
		4E00B0E71FF3885000018D9E /* AIUtil.h */ = {isa = PBXFileReference; fileEncoding = 4; lastKnownFileType = sourcecode.c.h; path = AIUtil.h; sourceTree = "<group>"; };
		4E00B0E81FF3885000018D9E /* Common.cpp */ = {isa = PBXFileReference; fileEncoding = 4; lastKnownFileType = sourcecode.cpp.cpp; path = Common.cpp; sourceTree = "<group>"; };
		4E00B0E91FF3885000018D9E /* Common.h */ = {isa = PBXFileReference; fileEncoding = 4; lastKnownFileType = sourcecode.c.h; path = Common.h; sourceTree = "<group>"; };
		4E00B0EA1FF3885000018D9E /* DefaultEquip.cpp */ = {isa = PBXFileReference; fileEncoding = 4; lastKnownFileType = sourcecode.cpp.cpp; path = DefaultEquip.cpp; sourceTree = "<group>"; };
		4E00B0EB1FF3885000018D9E /* DefaultEquip.h */ = {isa = PBXFileReference; fileEncoding = 4; lastKnownFileType = sourcecode.c.h; path = DefaultEquip.h; sourceTree = "<group>"; };
		4E00B0EC1FF3885000018D9E /* EquipSuit.cpp */ = {isa = PBXFileReference; fileEncoding = 4; lastKnownFileType = sourcecode.cpp.cpp; path = EquipSuit.cpp; sourceTree = "<group>"; };
		4E00B0ED1FF3885000018D9E /* EquipSuit.h */ = {isa = PBXFileReference; fileEncoding = 4; lastKnownFileType = sourcecode.c.h; path = EquipSuit.h; sourceTree = "<group>"; };
		4E00B0EE1FF3885000018D9E /* FashionList.cpp */ = {isa = PBXFileReference; fileEncoding = 4; lastKnownFileType = sourcecode.cpp.cpp; path = FashionList.cpp; sourceTree = "<group>"; };
		4E00B0EF1FF3885000018D9E /* FashionList.h */ = {isa = PBXFileReference; fileEncoding = 4; lastKnownFileType = sourcecode.c.h; path = FashionList.h; sourceTree = "<group>"; };
		4E00B0F01FF3885000018D9E /* FashionSuit.cpp */ = {isa = PBXFileReference; fileEncoding = 4; lastKnownFileType = sourcecode.cpp.cpp; path = FashionSuit.cpp; sourceTree = "<group>"; };
		4E00B0F11FF3885000018D9E /* FashionSuit.h */ = {isa = PBXFileReference; fileEncoding = 4; lastKnownFileType = sourcecode.c.h; path = FashionSuit.h; sourceTree = "<group>"; };
		4E00B0F21FF3885000018D9E /* GameCore.vcxproj */ = {isa = PBXFileReference; fileEncoding = 4; lastKnownFileType = text.xml; path = GameCore.vcxproj; sourceTree = "<group>"; };
		4E00B0F31FF3885000018D9E /* GameCore.vcxproj.filters */ = {isa = PBXFileReference; fileEncoding = 4; lastKnownFileType = text.xml; path = GameCore.vcxproj.filters; sourceTree = "<group>"; };
		4E00B0F41FF3885000018D9E /* GameMain.cpp */ = {isa = PBXFileReference; fileEncoding = 4; lastKnownFileType = sourcecode.cpp.cpp; path = GameMain.cpp; sourceTree = "<group>"; };
		4E00B0F51FF3885000018D9E /* GameMain.h */ = {isa = PBXFileReference; fileEncoding = 4; lastKnownFileType = sourcecode.c.h; path = GameMain.h; sourceTree = "<group>"; };
		4E00B0F61FF3885000018D9E /* GameObject.cpp */ = {isa = PBXFileReference; fileEncoding = 4; lastKnownFileType = sourcecode.cpp.cpp; path = GameObject.cpp; sourceTree = "<group>"; };
		4E00B0F71FF3885000018D9E /* GameObject.h */ = {isa = PBXFileReference; fileEncoding = 4; lastKnownFileType = sourcecode.c.h; path = GameObject.h; sourceTree = "<group>"; };
		4E00B0F81FF3885000018D9E /* GameTime.cpp */ = {isa = PBXFileReference; fileEncoding = 4; lastKnownFileType = sourcecode.cpp.cpp; path = GameTime.cpp; sourceTree = "<group>"; };
		4E00B0F91FF3885000018D9E /* GameTime.h */ = {isa = PBXFileReference; fileEncoding = 4; lastKnownFileType = sourcecode.c.h; path = GameTime.h; sourceTree = "<group>"; };
		4E00B0FA1FF3885000018D9E /* HPatchTest.h */ = {isa = PBXFileReference; fileEncoding = 4; lastKnownFileType = sourcecode.c.h; path = HPatchTest.h; sourceTree = "<group>"; };
		4E00B0FB1FF3885000018D9E /* IXStateTransform.h */ = {isa = PBXFileReference; fileEncoding = 4; lastKnownFileType = sourcecode.c.h; path = IXStateTransform.h; sourceTree = "<group>"; };
		4E00B0FC1FF3885000018D9E /* Log.cpp */ = {isa = PBXFileReference; fileEncoding = 4; lastKnownFileType = sourcecode.cpp.cpp; path = Log.cpp; sourceTree = "<group>"; };
		4E00B0FD1FF3885000018D9E /* Log.h */ = {isa = PBXFileReference; fileEncoding = 4; lastKnownFileType = sourcecode.c.h; path = Log.h; sourceTree = "<group>"; };
		4E00B0FE1FF3885000018D9E /* NativeInterface.cpp */ = {isa = PBXFileReference; fileEncoding = 4; lastKnownFileType = sourcecode.cpp.cpp; path = NativeInterface.cpp; sourceTree = "<group>"; };
		4E00B0FF1FF3885000018D9E /* NativeInterface.h */ = {isa = PBXFileReference; fileEncoding = 4; lastKnownFileType = sourcecode.c.h; path = NativeInterface.h; sourceTree = "<group>"; };
		4E00B1001FF3885000018D9E /* NativeReader.cpp */ = {isa = PBXFileReference; fileEncoding = 4; lastKnownFileType = sourcecode.cpp.cpp; path = NativeReader.cpp; sourceTree = "<group>"; };
		4E00B1011FF3885000018D9E /* NativeReader.h */ = {isa = PBXFileReference; fileEncoding = 4; lastKnownFileType = sourcecode.c.h; path = NativeReader.h; sourceTree = "<group>"; };
		4E00B1021FF3885000018D9E /* patch.c */ = {isa = PBXFileReference; fileEncoding = 4; lastKnownFileType = sourcecode.c.c; path = patch.c; sourceTree = "<group>"; };
		4E00B1031FF3885000018D9E /* patch.h */ = {isa = PBXFileReference; fileEncoding = 4; lastKnownFileType = sourcecode.c.h; path = patch.h; sourceTree = "<group>"; };
		4E00B1041FF3885000018D9E /* patch_types.h */ = {isa = PBXFileReference; fileEncoding = 4; lastKnownFileType = sourcecode.c.h; path = patch_types.h; sourceTree = "<group>"; };
		4E00B1051FF3885000018D9E /* picojson.h */ = {isa = PBXFileReference; fileEncoding = 4; lastKnownFileType = sourcecode.c.h; path = picojson.h; sourceTree = "<group>"; };
		4E00B1061FF3885000018D9E /* QteStatusList.cpp */ = {isa = PBXFileReference; fileEncoding = 4; lastKnownFileType = sourcecode.cpp.cpp; path = QteStatusList.cpp; sourceTree = "<group>"; };
		4E00B1071FF3885000018D9E /* QteStatusList.h */ = {isa = PBXFileReference; fileEncoding = 4; lastKnownFileType = sourcecode.c.h; path = QteStatusList.h; sourceTree = "<group>"; };
		4E00B1081FF3885000018D9E /* SceneList.cpp */ = {isa = PBXFileReference; fileEncoding = 4; lastKnownFileType = sourcecode.cpp.cpp; path = SceneList.cpp; sourceTree = "<group>"; };
		4E00B1091FF3885000018D9E /* SceneList.h */ = {isa = PBXFileReference; fileEncoding = 4; lastKnownFileType = sourcecode.c.h; path = SceneList.h; sourceTree = "<group>"; };
		4E00B10A1FF3885000018D9E /* Singleton.h */ = {isa = PBXFileReference; fileEncoding = 4; lastKnownFileType = sourcecode.c.h; path = Singleton.h; sourceTree = "<group>"; };
		4E00B10B1FF3885000018D9E /* SkillReader.cpp */ = {isa = PBXFileReference; fileEncoding = 4; lastKnownFileType = sourcecode.cpp.cpp; path = SkillReader.cpp; sourceTree = "<group>"; };
		4E00B10C1FF3885000018D9E /* SkillReader.h */ = {isa = PBXFileReference; fileEncoding = 4; lastKnownFileType = sourcecode.c.h; path = SkillReader.h; sourceTree = "<group>"; };
		4E00B10D1FF3885000018D9E /* Timer.cpp */ = {isa = PBXFileReference; fileEncoding = 4; lastKnownFileType = sourcecode.cpp.cpp; path = Timer.cpp; sourceTree = "<group>"; };
		4E00B10E1FF3885000018D9E /* Timer.h */ = {isa = PBXFileReference; fileEncoding = 4; lastKnownFileType = sourcecode.c.h; path = Timer.h; sourceTree = "<group>"; };
		4E00B10F1FF3885000018D9E /* tinyxml2.cpp */ = {isa = PBXFileReference; fileEncoding = 4; lastKnownFileType = sourcecode.cpp.cpp; path = tinyxml2.cpp; sourceTree = "<group>"; };
		4E00B1101FF3885000018D9E /* tinyxml2.h */ = {isa = PBXFileReference; fileEncoding = 4; lastKnownFileType = sourcecode.c.h; path = tinyxml2.h; sourceTree = "<group>"; };
		4E00B1111FF3885000018D9E /* Transform.cpp */ = {isa = PBXFileReference; fileEncoding = 4; lastKnownFileType = sourcecode.cpp.cpp; path = Transform.cpp; sourceTree = "<group>"; };
		4E00B1121FF3885000018D9E /* Transform.h */ = {isa = PBXFileReference; fileEncoding = 4; lastKnownFileType = sourcecode.c.h; path = Transform.h; sourceTree = "<group>"; };
		4E00B1131FF3885000018D9E /* Vector3.cpp */ = {isa = PBXFileReference; fileEncoding = 4; lastKnownFileType = sourcecode.cpp.cpp; path = Vector3.cpp; sourceTree = "<group>"; };
		4E00B1141FF3885000018D9E /* Vector3.h */ = {isa = PBXFileReference; fileEncoding = 4; lastKnownFileType = sourcecode.c.h; path = Vector3.h; sourceTree = "<group>"; };
		4E00B1151FF3885000018D9E /* XAIComponent.cpp */ = {isa = PBXFileReference; fileEncoding = 4; lastKnownFileType = sourcecode.cpp.cpp; path = XAIComponent.cpp; sourceTree = "<group>"; };
		4E00B1161FF3885000018D9E /* XAIComponent.h */ = {isa = PBXFileReference; fileEncoding = 4; lastKnownFileType = sourcecode.c.h; path = XAIComponent.h; sourceTree = "<group>"; };
		4E00B1171FF3885000018D9E /* XArtsSkill.cpp */ = {isa = PBXFileReference; fileEncoding = 4; lastKnownFileType = sourcecode.cpp.cpp; path = XArtsSkill.cpp; sourceTree = "<group>"; };
		4E00B1181FF3885000018D9E /* XArtsSkill.h */ = {isa = PBXFileReference; fileEncoding = 4; lastKnownFileType = sourcecode.c.h; path = XArtsSkill.h; sourceTree = "<group>"; };
		4E00B1191FF3885000018D9E /* XAttributeDefine.h */ = {isa = PBXFileReference; fileEncoding = 4; lastKnownFileType = sourcecode.c.h; path = XAttributeDefine.h; sourceTree = "<group>"; };
		4E00B11A1FF3885000018D9E /* XAttributes.cpp */ = {isa = PBXFileReference; fileEncoding = 4; lastKnownFileType = sourcecode.cpp.cpp; path = XAttributes.cpp; sourceTree = "<group>"; };
		4E00B11B1FF3885000018D9E /* XAttributes.h */ = {isa = PBXFileReference; fileEncoding = 4; lastKnownFileType = sourcecode.c.h; path = XAttributes.h; sourceTree = "<group>"; };
		4E00B11C1FF3885000018D9E /* XBeHitComponent.cpp */ = {isa = PBXFileReference; fileEncoding = 4; lastKnownFileType = sourcecode.cpp.cpp; path = XBeHitComponent.cpp; sourceTree = "<group>"; };
		4E00B11D1FF3885000018D9E /* XBeHitComponent.h */ = {isa = PBXFileReference; fileEncoding = 4; lastKnownFileType = sourcecode.c.h; path = XBeHitComponent.h; sourceTree = "<group>"; };
		4E00B11E1FF3885000018D9E /* XBullet.cpp */ = {isa = PBXFileReference; fileEncoding = 4; lastKnownFileType = sourcecode.cpp.cpp; path = XBullet.cpp; sourceTree = "<group>"; };
		4E00B11F1FF3885000018D9E /* XBullet.h */ = {isa = PBXFileReference; fileEncoding = 4; lastKnownFileType = sourcecode.c.h; path = XBullet.h; sourceTree = "<group>"; };
		4E00B1201FF3885000018D9E /* XBulletCore.cpp */ = {isa = PBXFileReference; fileEncoding = 4; lastKnownFileType = sourcecode.cpp.cpp; path = XBulletCore.cpp; sourceTree = "<group>"; };
		4E00B1211FF3885000018D9E /* XBulletCore.h */ = {isa = PBXFileReference; fileEncoding = 4; lastKnownFileType = sourcecode.c.h; path = XBulletCore.h; sourceTree = "<group>"; };
		4E00B1221FF3885000018D9E /* XComponent.cpp */ = {isa = PBXFileReference; fileEncoding = 4; lastKnownFileType = sourcecode.cpp.cpp; path = XComponent.cpp; sourceTree = "<group>"; };
		4E00B1231FF3885000018D9E /* XComponentDef.h */ = {isa = PBXFileReference; fileEncoding = 4; lastKnownFileType = sourcecode.c.h; path = XComponentDef.h; sourceTree = "<group>"; };
		4E00B1241FF3885000018D9E /* XDelegate.h */ = {isa = PBXFileReference; fileEncoding = 4; lastKnownFileType = sourcecode.c.h; path = XDelegate.h; sourceTree = "<group>"; };
		4E00B1251FF3885000018D9E /* XEntity.cpp */ = {isa = PBXFileReference; fileEncoding = 4; lastKnownFileType = sourcecode.cpp.cpp; path = XEntity.cpp; sourceTree = "<group>"; };
		4E00B1261FF3885000018D9E /* XEntity.h */ = {isa = PBXFileReference; fileEncoding = 4; lastKnownFileType = sourcecode.c.h; path = XEntity.h; sourceTree = "<group>"; };
		4E00B1271FF3885000018D9E /* XEntityMgr.cpp */ = {isa = PBXFileReference; fileEncoding = 4; lastKnownFileType = sourcecode.cpp.cpp; path = XEntityMgr.cpp; sourceTree = "<group>"; };
		4E00B1281FF3885000018D9E /* XEntityMgr.h */ = {isa = PBXFileReference; fileEncoding = 4; lastKnownFileType = sourcecode.c.h; path = XEntityMgr.h; sourceTree = "<group>"; };
		4E00B1291FF3885000018D9E /* XEntityPresentation.cpp */ = {isa = PBXFileReference; fileEncoding = 4; lastKnownFileType = sourcecode.cpp.cpp; path = XEntityPresentation.cpp; sourceTree = "<group>"; };
		4E00B12A1FF3885000018D9E /* XEntityPresentation.h */ = {isa = PBXFileReference; fileEncoding = 4; lastKnownFileType = sourcecode.c.h; path = XEntityPresentation.h; sourceTree = "<group>"; };
		4E00B12B1FF3885000018D9E /* XEntityStatistics.cpp */ = {isa = PBXFileReference; fileEncoding = 4; lastKnownFileType = sourcecode.cpp.cpp; path = XEntityStatistics.cpp; sourceTree = "<group>"; };
		4E00B12C1FF3885000018D9E /* XEntityStatistics.h */ = {isa = PBXFileReference; fileEncoding = 4; lastKnownFileType = sourcecode.c.h; path = XEntityStatistics.h; sourceTree = "<group>"; };
		4E00B12D1FF3885000018D9E /* XEventArgs.cpp */ = {isa = PBXFileReference; fileEncoding = 4; lastKnownFileType = sourcecode.cpp.cpp; path = XEventArgs.cpp; sourceTree = "<group>"; };
		4E00B12E1FF3885000018D9E /* XEventArgs.h */ = {isa = PBXFileReference; fileEncoding = 4; lastKnownFileType = sourcecode.c.h; path = XEventArgs.h; sourceTree = "<group>"; };
		4E00B12F1FF3885000018D9E /* XEventDef.h */ = {isa = PBXFileReference; fileEncoding = 4; lastKnownFileType = sourcecode.c.h; path = XEventDef.h; sourceTree = "<group>"; };
		4E00B1301FF3885000018D9E /* XEventMgr.cpp */ = {isa = PBXFileReference; fileEncoding = 4; lastKnownFileType = sourcecode.cpp.cpp; path = XEventMgr.cpp; sourceTree = "<group>"; };
		4E00B1311FF3885000018D9E /* XEventMgr.h */ = {isa = PBXFileReference; fileEncoding = 4; lastKnownFileType = sourcecode.c.h; path = XEventMgr.h; sourceTree = "<group>"; };
		4E00B1321FF3885000018D9E /* XJAComboSkill.cpp */ = {isa = PBXFileReference; fileEncoding = 4; lastKnownFileType = sourcecode.cpp.cpp; path = XJAComboSkill.cpp; sourceTree = "<group>"; };
		4E00B1331FF3885000018D9E /* XJAComboSkill.h */ = {isa = PBXFileReference; fileEncoding = 4; lastKnownFileType = sourcecode.c.h; path = XJAComboSkill.h; sourceTree = "<group>"; };
		4E00B1341FF3885000018D9E /* XMath.h */ = {isa = PBXFileReference; fileEncoding = 4; lastKnownFileType = sourcecode.c.h; path = XMath.h; sourceTree = "<group>"; };
		4E00B1351FF3885000018D9E /* XNavigationComponent.cpp */ = {isa = PBXFileReference; fileEncoding = 4; lastKnownFileType = sourcecode.cpp.cpp; path = XNavigationComponent.cpp; sourceTree = "<group>"; };
		4E00B1361FF3885000018D9E /* XNavigationComponent.h */ = {isa = PBXFileReference; fileEncoding = 4; lastKnownFileType = sourcecode.c.h; path = XNavigationComponent.h; sourceTree = "<group>"; };
		4E00B1371FF3885000018D9E /* XNpcList.cpp */ = {isa = PBXFileReference; fileEncoding = 4; lastKnownFileType = sourcecode.cpp.cpp; path = XNpcList.cpp; sourceTree = "<group>"; };
		4E00B1381FF3885000018D9E /* XNpcList.h */ = {isa = PBXFileReference; fileEncoding = 4; lastKnownFileType = sourcecode.c.h; path = XNpcList.h; sourceTree = "<group>"; };
		4E00B1391FF3885000018D9E /* XObject.cpp */ = {isa = PBXFileReference; fileEncoding = 4; lastKnownFileType = sourcecode.cpp.cpp; path = XObject.cpp; sourceTree = "<group>"; };
		4E00B13A1FF3885000018D9E /* XObject.h */ = {isa = PBXFileReference; fileEncoding = 4; lastKnownFileType = sourcecode.c.h; path = XObject.h; sourceTree = "<group>"; };
		4E00B13B1FF3885000018D9E /* XPlayer.cpp */ = {isa = PBXFileReference; fileEncoding = 4; lastKnownFileType = sourcecode.cpp.cpp; path = XPlayer.cpp; sourceTree = "<group>"; };
		4E00B13C1FF3885000018D9E /* XPlayer.h */ = {isa = PBXFileReference; fileEncoding = 4; lastKnownFileType = sourcecode.c.h; path = XPlayer.h; sourceTree = "<group>"; };
		4E00B13D1FF3885000018D9E /* XRole.cpp */ = {isa = PBXFileReference; fileEncoding = 4; lastKnownFileType = sourcecode.cpp.cpp; path = XRole.cpp; sourceTree = "<group>"; };
		4E00B13E1FF3885000018D9E /* XRole.h */ = {isa = PBXFileReference; fileEncoding = 4; lastKnownFileType = sourcecode.c.h; path = XRole.h; sourceTree = "<group>"; };
		4E00B13F1FF3885000018D9E /* XSkill.cpp */ = {isa = PBXFileReference; fileEncoding = 4; lastKnownFileType = sourcecode.cpp.cpp; path = XSkill.cpp; sourceTree = "<group>"; };
		4E00B1401FF3885000018D9E /* XSkill.h */ = {isa = PBXFileReference; fileEncoding = 4; lastKnownFileType = sourcecode.c.h; path = XSkill.h; sourceTree = "<group>"; };
		4E00B1411FF3885000018D9E /* XSkillComponent.cpp */ = {isa = PBXFileReference; fileEncoding = 4; lastKnownFileType = sourcecode.cpp.cpp; path = XSkillComponent.cpp; sourceTree = "<group>"; };
		4E00B1421FF3885000018D9E /* XSkillComponent.h */ = {isa = PBXFileReference; fileEncoding = 4; lastKnownFileType = sourcecode.c.h; path = XSkillComponent.h; sourceTree = "<group>"; };
		4E00B1431FF3885000018D9E /* XSkillCore.cpp */ = {isa = PBXFileReference; fileEncoding = 4; lastKnownFileType = sourcecode.cpp.cpp; path = XSkillCore.cpp; sourceTree = "<group>"; };
		4E00B1441FF3885000018D9E /* XSkillCore.h */ = {isa = PBXFileReference; fileEncoding = 4; lastKnownFileType = sourcecode.c.h; path = XSkillCore.h; sourceTree = "<group>"; };
		4E00B1451FF3885000018D9E /* XSkillMgr.cpp */ = {isa = PBXFileReference; fileEncoding = 4; lastKnownFileType = sourcecode.cpp.cpp; path = XSkillMgr.cpp; sourceTree = "<group>"; };
		4E00B1461FF3885000018D9E /* XSkillMgr.h */ = {isa = PBXFileReference; fileEncoding = 4; lastKnownFileType = sourcecode.c.h; path = XSkillMgr.h; sourceTree = "<group>"; };
		4E00B1471FF3885000018D9E /* XStateDefine.h */ = {isa = PBXFileReference; fileEncoding = 4; lastKnownFileType = sourcecode.c.h; path = XStateDefine.h; sourceTree = "<group>"; };
		4E00B1481FF3885000018D9E /* XStateMachine.cpp */ = {isa = PBXFileReference; fileEncoding = 4; lastKnownFileType = sourcecode.cpp.cpp; path = XStateMachine.cpp; sourceTree = "<group>"; };
		4E00B1491FF3885000018D9E /* XStateMachine.h */ = {isa = PBXFileReference; fileEncoding = 4; lastKnownFileType = sourcecode.c.h; path = XStateMachine.h; sourceTree = "<group>"; };
		4E00B14A1FF3885000018D9E /* XTimerCallback.cpp */ = {isa = PBXFileReference; fileEncoding = 4; lastKnownFileType = sourcecode.cpp.cpp; path = XTimerCallback.cpp; sourceTree = "<group>"; };
		4E00B14B1FF3885000018D9E /* XTimerMgr.cpp */ = {isa = PBXFileReference; fileEncoding = 4; lastKnownFileType = sourcecode.cpp.cpp; path = XTimerMgr.cpp; sourceTree = "<group>"; };
		4E00B14C1FF3885000018D9E /* XTimerMgr.h */ = {isa = PBXFileReference; fileEncoding = 4; lastKnownFileType = sourcecode.c.h; path = XTimerMgr.h; sourceTree = "<group>"; };
		4E73B1191FD931BF003EFC79 /* GameCore.bundle */ = {isa = PBXFileReference; explicitFileType = wrapper.cfbundle; includeInIndex = 0; path = GameCore.bundle; sourceTree = BUILT_PRODUCTS_DIR; };
/* End PBXFileReference section */

/* Begin PBXFrameworksBuildPhase section */
		4E73B1161FD931BF003EFC79 /* Frameworks */ = {
			isa = PBXFrameworksBuildPhase;
			buildActionMask = 2147483647;
			files = (
			);
			runOnlyForDeploymentPostprocessing = 0;
		};
/* End PBXFrameworksBuildPhase section */

/* Begin PBXGroup section */
		4E00B0DA1FF3885000018D9E /* GameCore */ = {
			isa = PBXGroup;
			children = (
				4E00B0DB1FF3885000018D9E /* AIBehaviour.cpp */,
				4E00B0DC1FF3885000018D9E /* AIBehaviour.h */,
				4E00B0DD1FF3885000018D9E /* AIFactory.cpp */,
				4E00B0DE1FF3885000018D9E /* AIFactory.h */,
				4E00B0DF1FF3885000018D9E /* AIRuntimeRotateSelf.cpp */,
				4E00B0E01FF3885000018D9E /* AIRuntimeRotateSelf.h */,
				4E00B0E11FF3885000018D9E /* AITree.cpp */,
				4E00B0E21FF3885000018D9E /* AITree.h */,
				4E00B0E31FF3885000018D9E /* AITreeArg.h */,
				4E00B0E41FF3885000018D9E /* AITreeData.cpp */,
				4E00B0E51FF3885000018D9E /* AITreeData.h */,
				4E00B0E61FF3885000018D9E /* AIUtil.cpp */,
				4E00B0E71FF3885000018D9E /* AIUtil.h */,
				4E00B0E81FF3885000018D9E /* Common.cpp */,
				4E00B0E91FF3885000018D9E /* Common.h */,
				4E00B0EA1FF3885000018D9E /* DefaultEquip.cpp */,
				4E00B0EB1FF3885000018D9E /* DefaultEquip.h */,
				4E00B0EC1FF3885000018D9E /* EquipSuit.cpp */,
				4E00B0ED1FF3885000018D9E /* EquipSuit.h */,
				4E00B0EE1FF3885000018D9E /* FashionList.cpp */,
				4E00B0EF1FF3885000018D9E /* FashionList.h */,
				4E00B0F01FF3885000018D9E /* FashionSuit.cpp */,
				4E00B0F11FF3885000018D9E /* FashionSuit.h */,
				4E00B0F21FF3885000018D9E /* GameCore.vcxproj */,
				4E00B0F31FF3885000018D9E /* GameCore.vcxproj.filters */,
				4E00B0F41FF3885000018D9E /* GameMain.cpp */,
				4E00B0F51FF3885000018D9E /* GameMain.h */,
				4E00B0F61FF3885000018D9E /* GameObject.cpp */,
				4E00B0F71FF3885000018D9E /* GameObject.h */,
				4E00B0F81FF3885000018D9E /* GameTime.cpp */,
				4E00B0F91FF3885000018D9E /* GameTime.h */,
				4E00B0FA1FF3885000018D9E /* HPatchTest.h */,
				4E00B0FB1FF3885000018D9E /* IXStateTransform.h */,
				4E00B0FC1FF3885000018D9E /* Log.cpp */,
				4E00B0FD1FF3885000018D9E /* Log.h */,
				4E00B0FE1FF3885000018D9E /* NativeInterface.cpp */,
				4E00B0FF1FF3885000018D9E /* NativeInterface.h */,
				4E00B1001FF3885000018D9E /* NativeReader.cpp */,
				4E00B1011FF3885000018D9E /* NativeReader.h */,
				4E00B1021FF3885000018D9E /* patch.c */,
				4E00B1031FF3885000018D9E /* patch.h */,
				4E00B1041FF3885000018D9E /* patch_types.h */,
				4E00B1051FF3885000018D9E /* picojson.h */,
				4E00B1061FF3885000018D9E /* QteStatusList.cpp */,
				4E00B1071FF3885000018D9E /* QteStatusList.h */,
				4E00B1081FF3885000018D9E /* SceneList.cpp */,
				4E00B1091FF3885000018D9E /* SceneList.h */,
				4E00B10A1FF3885000018D9E /* Singleton.h */,
				4E00B10B1FF3885000018D9E /* SkillReader.cpp */,
				4E00B10C1FF3885000018D9E /* SkillReader.h */,
				4E00B10D1FF3885000018D9E /* Timer.cpp */,
				4E00B10E1FF3885000018D9E /* Timer.h */,
				4E00B10F1FF3885000018D9E /* tinyxml2.cpp */,
				4E00B1101FF3885000018D9E /* tinyxml2.h */,
				4E00B1111FF3885000018D9E /* Transform.cpp */,
				4E00B1121FF3885000018D9E /* Transform.h */,
				4E00B1131FF3885000018D9E /* Vector3.cpp */,
				4E00B1141FF3885000018D9E /* Vector3.h */,
				4E00B1151FF3885000018D9E /* XAIComponent.cpp */,
				4E00B1161FF3885000018D9E /* XAIComponent.h */,
				4E00B1171FF3885000018D9E /* XArtsSkill.cpp */,
				4E00B1181FF3885000018D9E /* XArtsSkill.h */,
				4E00B1191FF3885000018D9E /* XAttributeDefine.h */,
				4E00B11A1FF3885000018D9E /* XAttributes.cpp */,
				4E00B11B1FF3885000018D9E /* XAttributes.h */,
				4E00B11C1FF3885000018D9E /* XBeHitComponent.cpp */,
				4E00B11D1FF3885000018D9E /* XBeHitComponent.h */,
				4E00B11E1FF3885000018D9E /* XBullet.cpp */,
				4E00B11F1FF3885000018D9E /* XBullet.h */,
				4E00B1201FF3885000018D9E /* XBulletCore.cpp */,
				4E00B1211FF3885000018D9E /* XBulletCore.h */,
				4E00B1221FF3885000018D9E /* XComponent.cpp */,
				4E00B1231FF3885000018D9E /* XComponentDef.h */,
				4E00B1241FF3885000018D9E /* XDelegate.h */,
				4E00B1251FF3885000018D9E /* XEntity.cpp */,
				4E00B1261FF3885000018D9E /* XEntity.h */,
				4E00B1271FF3885000018D9E /* XEntityMgr.cpp */,
				4E00B1281FF3885000018D9E /* XEntityMgr.h */,
				4E00B1291FF3885000018D9E /* XEntityPresentation.cpp */,
				4E00B12A1FF3885000018D9E /* XEntityPresentation.h */,
				4E00B12B1FF3885000018D9E /* XEntityStatistics.cpp */,
				4E00B12C1FF3885000018D9E /* XEntityStatistics.h */,
				4E00B12D1FF3885000018D9E /* XEventArgs.cpp */,
				4E00B12E1FF3885000018D9E /* XEventArgs.h */,
				4E00B12F1FF3885000018D9E /* XEventDef.h */,
				4E00B1301FF3885000018D9E /* XEventMgr.cpp */,
				4E00B1311FF3885000018D9E /* XEventMgr.h */,
				4E00B1321FF3885000018D9E /* XJAComboSkill.cpp */,
				4E00B1331FF3885000018D9E /* XJAComboSkill.h */,
				4E00B1341FF3885000018D9E /* XMath.h */,
				4E00B1351FF3885000018D9E /* XNavigationComponent.cpp */,
				4E00B1361FF3885000018D9E /* XNavigationComponent.h */,
				4E00B1371FF3885000018D9E /* XNpcList.cpp */,
				4E00B1381FF3885000018D9E /* XNpcList.h */,
				4E00B1391FF3885000018D9E /* XObject.cpp */,
				4E00B13A1FF3885000018D9E /* XObject.h */,
				4E00B13B1FF3885000018D9E /* XPlayer.cpp */,
				4E00B13C1FF3885000018D9E /* XPlayer.h */,
				4E00B13D1FF3885000018D9E /* XRole.cpp */,
				4E00B13E1FF3885000018D9E /* XRole.h */,
				4E00B13F1FF3885000018D9E /* XSkill.cpp */,
				4E00B1401FF3885000018D9E /* XSkill.h */,
				4E00B1411FF3885000018D9E /* XSkillComponent.cpp */,
				4E00B1421FF3885000018D9E /* XSkillComponent.h */,
				4E00B1431FF3885000018D9E /* XSkillCore.cpp */,
				4E00B1441FF3885000018D9E /* XSkillCore.h */,
				4E00B1451FF3885000018D9E /* XSkillMgr.cpp */,
				4E00B1461FF3885000018D9E /* XSkillMgr.h */,
				4E00B1471FF3885000018D9E /* XStateDefine.h */,
				4E00B1481FF3885000018D9E /* XStateMachine.cpp */,
				4E00B1491FF3885000018D9E /* XStateMachine.h */,
				4E00B14A1FF3885000018D9E /* XTimerCallback.cpp */,
				4E00B14B1FF3885000018D9E /* XTimerMgr.cpp */,
				4E00B14C1FF3885000018D9E /* XTimerMgr.h */,
			);
			name = GameCore;
			path = ../../XCPP/GameCore;
			sourceTree = "<group>";
		};
		4E73B1101FD931BF003EFC79 = {
			isa = PBXGroup;
			children = (
				4E00B0DA1FF3885000018D9E /* GameCore */,
				4E73B11A1FD931BF003EFC79 /* Products */,
			);
			sourceTree = "<group>";
		};
		4E73B11A1FD931BF003EFC79 /* Products */ = {
			isa = PBXGroup;
			children = (
				4E73B1191FD931BF003EFC79 /* GameCore.bundle */,
			);
			name = Products;
			sourceTree = "<group>";
		};
/* End PBXGroup section */

/* Begin PBXNativeTarget section */
		4E73B1181FD931BF003EFC79 /* GameCore */ = {
			isa = PBXNativeTarget;
			buildConfigurationList = 4E73B11F1FD931BF003EFC79 /* Build configuration list for PBXNativeTarget "GameCore" */;
			buildPhases = (
				4E73B1151FD931BF003EFC79 /* Sources */,
				4E73B1161FD931BF003EFC79 /* Frameworks */,
				4E73B1171FD931BF003EFC79 /* Resources */,
			);
			buildRules = (
			);
			dependencies = (
			);
			name = GameCore;
			productName = GameCore;
			productReference = 4E73B1191FD931BF003EFC79 /* GameCore.bundle */;
			productType = "com.apple.product-type.bundle";
		};
/* End PBXNativeTarget section */

/* Begin PBXProject section */
		4E73B1111FD931BF003EFC79 /* Project object */ = {
			isa = PBXProject;
			attributes = {
				LastUpgradeCheck = 0910;
				ORGANIZATIONNAME = "___FULLUSERNE___";
				TargetAttributes = {
					4E73B1181FD931BF003EFC79 = {
						CreatedOnToolsVersion = 9.1;
						ProvisioningStyle = Automatic;
					};
				};
			};
			buildConfigurationList = 4E73B1141FD931BF003EFC79 /* Build configuration list for PBXProject "GameCore" */;
			compatibilityVersion = "Xcode 8.0";
			developmentRegion = en;
			hasScannedForEncodings = 0;
			knownRegions = (
				en,
			);
			mainGroup = 4E73B1101FD931BF003EFC79;
			productRefGroup = 4E73B11A1FD931BF003EFC79 /* Products */;
			projectDirPath = "";
			projectRoot = "";
			targets = (
				4E73B1181FD931BF003EFC79 /* GameCore */,
			);
		};
/* End PBXProject section */

/* Begin PBXResourcesBuildPhase section */
		4E73B1171FD931BF003EFC79 /* Resources */ = {
			isa = PBXResourcesBuildPhase;
			buildActionMask = 2147483647;
			files = (
				4E00B1591FF3885000018D9E /* GameCore.vcxproj.filters in Resources */,
				4E00B1581FF3885000018D9E /* GameCore.vcxproj in Resources */,
			);
			runOnlyForDeploymentPostprocessing = 0;
		};
/* End PBXResourcesBuildPhase section */

/* Begin PBXSourcesBuildPhase section */
		4E73B1151FD931BF003EFC79 /* Sources */ = {
			isa = PBXSourcesBuildPhase;
			buildActionMask = 2147483647;
			files = (
				4E00B17A1FF3885000018D9E /* XRole.cpp in Sources */,
				4E00B1601FF3885000018D9E /* patch.c in Sources */,
				4E00B1511FF3885000018D9E /* AITreeData.cpp in Sources */,
				4E00B1791FF3885000018D9E /* XPlayer.cpp in Sources */,
				4E00B15F1FF3885000018D9E /* NativeReader.cpp in Sources */,
				4E00B1651FF3885000018D9E /* tinyxml2.cpp in Sources */,
				4E00B14E1FF3885000018D9E /* AIFactory.cpp in Sources */,
				4E00B15B1FF3885000018D9E /* GameObject.cpp in Sources */,
				4E00B1721FF3885000018D9E /* XEntityStatistics.cpp in Sources */,
				4E00B1731FF3885000018D9E /* XEventArgs.cpp in Sources */,
				4E00B16D1FF3885000018D9E /* XBulletCore.cpp in Sources */,
				4E00B17F1FF3885000018D9E /* XStateMachine.cpp in Sources */,
				4E00B1751FF3885000018D9E /* XJAComboSkill.cpp in Sources */,
				4E00B1681FF3885000018D9E /* XAIComponent.cpp in Sources */,
				4E00B1641FF3885000018D9E /* Timer.cpp in Sources */,
				4E00B1541FF3885000018D9E /* DefaultEquip.cpp in Sources */,
				4E00B1811FF3885000018D9E /* XTimerMgr.cpp in Sources */,
				4E00B16F1FF3885000018D9E /* XEntity.cpp in Sources */,
				4E00B16E1FF3885000018D9E /* XComponent.cpp in Sources */,
				4E00B1501FF3885000018D9E /* AITree.cpp in Sources */,
				4E00B17C1FF3885000018D9E /* XSkillComponent.cpp in Sources */,
				4E00B1631FF3885000018D9E /* SkillReader.cpp in Sources */,
				4E00B17D1FF3885000018D9E /* XSkillCore.cpp in Sources */,
				4E00B15A1FF3885000018D9E /* GameMain.cpp in Sources */,
				4E00B1671FF3885000018D9E /* Vector3.cpp in Sources */,
				4E00B1611FF3885000018D9E /* QteStatusList.cpp in Sources */,
				4E00B1761FF3885000018D9E /* XNavigationComponent.cpp in Sources */,
				4E00B15D1FF3885000018D9E /* Log.cpp in Sources */,
				4E00B1561FF3885000018D9E /* FashionList.cpp in Sources */,
				4E00B17E1FF3885000018D9E /* XSkillMgr.cpp in Sources */,
				4E00B1551FF3885000018D9E /* EquipSuit.cpp in Sources */,
				4E00B1711FF3885000018D9E /* XEntityPresentation.cpp in Sources */,
				4E00B1801FF3885000018D9E /* XTimerCallback.cpp in Sources */,
				4E00B16B1FF3885000018D9E /* XBeHitComponent.cpp in Sources */,
				4E00B1621FF3885000018D9E /* SceneList.cpp in Sources */,
				4E00B1781FF3885000018D9E /* XObject.cpp in Sources */,
				4E00B1571FF3885000018D9E /* FashionSuit.cpp in Sources */,
				4E00B17B1FF3885000018D9E /* XSkill.cpp in Sources */,
				4E00B14D1FF3885000018D9E /* AIBehaviour.cpp in Sources */,
				4E00B1691FF3885000018D9E /* XArtsSkill.cpp in Sources */,
				4E00B1661FF3885000018D9E /* Transform.cpp in Sources */,
				4E00B1701FF3885000018D9E /* XEntityMgr.cpp in Sources */,
				4E00B1771FF3885000018D9E /* XNpcList.cpp in Sources */,
				4E00B1741FF3885000018D9E /* XEventMgr.cpp in Sources */,
				4E00B14F1FF3885000018D9E /* AIRuntimeRotateSelf.cpp in Sources */,
				4E00B15E1FF3885000018D9E /* NativeInterface.cpp in Sources */,
				4E00B1531FF3885000018D9E /* Common.cpp in Sources */,
				4E00B16C1FF3885000018D9E /* XBullet.cpp in Sources */,
				4E00B15C1FF3885000018D9E /* GameTime.cpp in Sources */,
				4E00B1521FF3885000018D9E /* AIUtil.cpp in Sources */,
				4E00B16A1FF3885000018D9E /* XAttributes.cpp in Sources */,
			);
			runOnlyForDeploymentPostprocessing = 0;
		};
/* End PBXSourcesBuildPhase section */

/* Begin XCBuildConfiguration section */
		4E73B11D1FD931BF003EFC79 /* Debug */ = {
			isa = XCBuildConfiguration;
			buildSettings = {
				ALWAYS_SEARCH_USER_PATHS = NO;
				CLANG_ANALYZER_NONNULL = YES;
				CLANG_ANALYZER_NUMBER_OBJECT_CONVERSION = YES_AGGRESSIVE;
				CLANG_CXX_LANGUAGE_STANDARD = "gnu++14";
				CLANG_CXX_LIBRARY = "libc++";
				CLANG_ENABLE_MODULES = YES;
				CLANG_ENABLE_OBJC_ARC = YES;
				CLANG_WARN_BLOCK_CAPTURE_AUTORELEASING = YES;
				CLANG_WARN_BOOL_CONVERSION = YES;
				CLANG_WARN_COMMA = YES;
				CLANG_WARN_CONSTANT_CONVERSION = YES;
				CLANG_WARN_DIRECT_OBJC_ISA_USAGE = YES_ERROR;
				CLANG_WARN_DOCUMENTATION_COMMENTS = YES;
				CLANG_WARN_EMPTY_BODY = YES;
				CLANG_WARN_ENUM_CONVERSION = YES;
				CLANG_WARN_INFINITE_RECURSION = YES;
				CLANG_WARN_INT_CONVERSION = YES;
				CLANG_WARN_NON_LITERAL_NULL_CONVERSION = YES;
				CLANG_WARN_OBJC_LITERAL_CONVERSION = YES;
				CLANG_WARN_OBJC_ROOT_CLASS = YES_ERROR;
				CLANG_WARN_RANGE_LOOP_ANALYSIS = YES;
				CLANG_WARN_STRICT_PROTOTYPES = YES;
				CLANG_WARN_SUSPICIOUS_MOVE = YES;
				CLANG_WARN_UNGUARDED_AVAILABILITY = YES_AGGRESSIVE;
				CLANG_WARN_UNREACHABLE_CODE = YES;
				CLANG_WARN__DUPLICATE_METHOD_MATCH = YES;
				CODE_SIGN_IDENTITY = "-";
				COPY_PHASE_STRIP = NO;
				DEBUG_INFORMATION_FORMAT = dwarf;
				ENABLE_STRICT_OBJC_MSGSEND = YES;
				ENABLE_TESTABILITY = YES;
				GCC_C_LANGUAGE_STANDARD = gnu11;
				GCC_DYNAMIC_NO_PIC = NO;
				GCC_NO_COMMON_BLOCKS = YES;
				GCC_OPTIMIZATION_LEVEL = 0;
				GCC_PREPROCESSOR_DEFINITIONS = (
					"DEBUG=1",
					"$(inherited)",
				);
				GCC_WARN_64_TO_32_BIT_CONVERSION = YES;
				GCC_WARN_ABOUT_RETURN_TYPE = YES_ERROR;
				GCC_WARN_UNDECLARED_SELECTOR = YES;
				GCC_WARN_UNINITIALIZED_AUTOS = YES_AGGRESSIVE;
				GCC_WARN_UNUSED_FUNCTION = YES;
				GCC_WARN_UNUSED_VARIABLE = YES;
				MACOSX_DEPLOYMENT_TARGET = 10.12;
				MTL_ENABLE_DEBUG_INFO = YES;
				ONLY_ACTIVE_ARCH = YES;
				SDKROOT = macosx;
			};
			name = Debug;
		};
		4E73B11E1FD931BF003EFC79 /* Release */ = {
			isa = XCBuildConfiguration;
			buildSettings = {
				ALWAYS_SEARCH_USER_PATHS = NO;
				CLANG_ANALYZER_NONNULL = YES;
				CLANG_ANALYZER_NUMBER_OBJECT_CONVERSION = YES_AGGRESSIVE;
				CLANG_CXX_LANGUAGE_STANDARD = "gnu++14";
				CLANG_CXX_LIBRARY = "libc++";
				CLANG_ENABLE_MODULES = YES;
				CLANG_ENABLE_OBJC_ARC = YES;
				CLANG_WARN_BLOCK_CAPTURE_AUTORELEASING = YES;
				CLANG_WARN_BOOL_CONVERSION = YES;
				CLANG_WARN_COMMA = YES;
				CLANG_WARN_CONSTANT_CONVERSION = YES;
				CLANG_WARN_DIRECT_OBJC_ISA_USAGE = YES_ERROR;
				CLANG_WARN_DOCUMENTATION_COMMENTS = YES;
				CLANG_WARN_EMPTY_BODY = YES;
				CLANG_WARN_ENUM_CONVERSION = YES;
				CLANG_WARN_INFINITE_RECURSION = YES;
				CLANG_WARN_INT_CONVERSION = YES;
				CLANG_WARN_NON_LITERAL_NULL_CONVERSION = YES;
				CLANG_WARN_OBJC_LITERAL_CONVERSION = YES;
				CLANG_WARN_OBJC_ROOT_CLASS = YES_ERROR;
				CLANG_WARN_RANGE_LOOP_ANALYSIS = YES;
				CLANG_WARN_STRICT_PROTOTYPES = YES;
				CLANG_WARN_SUSPICIOUS_MOVE = YES;
				CLANG_WARN_UNGUARDED_AVAILABILITY = YES_AGGRESSIVE;
				CLANG_WARN_UNREACHABLE_CODE = YES;
				CLANG_WARN__DUPLICATE_METHOD_MATCH = YES;
				CODE_SIGN_IDENTITY = "-";
				COPY_PHASE_STRIP = NO;
				DEBUG_INFORMATION_FORMAT = "dwarf-with-dsym";
				ENABLE_NS_ASSERTIONS = NO;
				ENABLE_STRICT_OBJC_MSGSEND = YES;
				GCC_C_LANGUAGE_STANDARD = gnu11;
				GCC_NO_COMMON_BLOCKS = YES;
				GCC_WARN_64_TO_32_BIT_CONVERSION = YES;
				GCC_WARN_ABOUT_RETURN_TYPE = YES_ERROR;
				GCC_WARN_UNDECLARED_SELECTOR = YES;
				GCC_WARN_UNINITIALIZED_AUTOS = YES_AGGRESSIVE;
				GCC_WARN_UNUSED_FUNCTION = YES;
				GCC_WARN_UNUSED_VARIABLE = YES;
				MACOSX_DEPLOYMENT_TARGET = 10.12;
				MTL_ENABLE_DEBUG_INFO = NO;
				SDKROOT = macosx;
			};
			name = Release;
		};
		4E73B1201FD931BF003EFC79 /* Debug */ = {
			isa = XCBuildConfiguration;
			buildSettings = {
				CODE_SIGN_IDENTITY = "Mac Developer";
				CODE_SIGN_STYLE = Automatic;
				COMBINE_HIDPI_IMAGES = YES;
				DEVELOPMENT_TEAM = 238UB5UD4H;
				INFOPLIST_FILE = GameCore/Info.plist;
				INSTALL_PATH = "$(LOCAL_LIBRARY_DIR)/Bundles";
				PRODUCT_BUNDLE_IDENTIFIER = com.yunstudio.GameCore;
				PRODUCT_NAME = "$(TARGET_NAME)";
				PROVISIONING_PROFILE_SPECIFIER = "";
				SKIP_INSTALL = YES;
				WRAPPER_EXTENSION = bundle;
			};
			name = Debug;
		};
		4E73B1211FD931BF003EFC79 /* Release */ = {
			isa = XCBuildConfiguration;
			buildSettings = {
				CODE_SIGN_IDENTITY = "Mac Developer";
				CODE_SIGN_STYLE = Automatic;
				COMBINE_HIDPI_IMAGES = YES;
				DEVELOPMENT_TEAM = 238UB5UD4H;
				INFOPLIST_FILE = GameCore/Info.plist;
				INSTALL_PATH = "$(LOCAL_LIBRARY_DIR)/Bundles";
				PRODUCT_BUNDLE_IDENTIFIER = com.yunstudio.GameCore;
				PRODUCT_NAME = "$(TARGET_NAME)";
				PROVISIONING_PROFILE_SPECIFIER = "";
				SKIP_INSTALL = YES;
				WRAPPER_EXTENSION = bundle;
			};
			name = Release;
		};
/* End XCBuildConfiguration section */

/* Begin XCConfigurationList section */
		4E73B1141FD931BF003EFC79 /* Build configuration list for PBXProject "GameCore" */ = {
			isa = XCConfigurationList;
			buildConfigurations = (
				4E73B11D1FD931BF003EFC79 /* Debug */,
				4E73B11E1FD931BF003EFC79 /* Release */,
			);
			defaultConfigurationIsVisible = 0;
			defaultConfigurationName = Release;
		};
		4E73B11F1FD931BF003EFC79 /* Build configuration list for PBXNativeTarget "GameCore" */ = {
			isa = XCConfigurationList;
			buildConfigurations = (
				4E73B1201FD931BF003EFC79 /* Debug */,
				4E73B1211FD931BF003EFC79 /* Release */,
			);
			defaultConfigurationIsVisible = 0;
			defaultConfigurationName = Release;
		};
/* End XCConfigurationList section */
	};
	rootObject = 4E73B1111FD931BF003EFC79 /* Project object */;
}
