<?xml version="1.0" encoding="utf-8"?>
<Project ToolsVersion="4.0" xmlns="http://schemas.microsoft.com/developer/msbuild/2003">
  <ItemGroup>
    <Filter Include="Table">
      <UniqueIdentifier>{50f8b5bb-a3aa-457f-8ff1-f0589723af16}</UniqueIdentifier>
    </Filter>
    <Filter Include="Common">
      <UniqueIdentifier>{89e6cd81-d819-423e-a728-435957a67a10}</UniqueIdentifier>
    </Filter>
    <Filter Include="AI">
      <UniqueIdentifier>{8c8aae28-a030-499a-8036-de2b72c76afc}</UniqueIdentifier>
    </Filter>
    <Filter Include="HPatch">
      <UniqueIdentifier>{762ec9a9-c9c9-4950-9e47-f6ea0ecce6ad}</UniqueIdentifier>
    </Filter>
  </ItemGroup>
  <ItemGroup>
    <ClInclude Include="DefaultEquip.h">
      <Filter>Table</Filter>
    </ClInclude>
    <ClInclude Include="EquipSuit.h">
      <Filter>Table</Filter>
    </ClInclude>
    <ClInclude Include="FashionList.h">
      <Filter>Table</Filter>
    </ClInclude>
    <ClInclude Include="FashionSuit.h">
      <Filter>Table</Filter>
    </ClInclude>
    <ClInclude Include="QteStatusList.h">
      <Filter>Table</Filter>
    </ClInclude>
    <ClInclude Include="XEntityPresentation.h">
      <Filter>Table</Filter>
    </ClInclude>
    <ClInclude Include="XEntityStatistics.h">
      <Filter>Table</Filter>
    </ClInclude>
    <ClInclude Include="XNpcList.h">
      <Filter>Table</Filter>
    </ClInclude>
    <ClInclude Include="SceneList.h">
      <Filter>Table</Filter>
    </ClInclude>
    <ClInclude Include="Common.h">
      <Filter>Common</Filter>
    </ClInclude>
    <ClInclude Include="Log.h">
      <Filter>Common</Filter>
    </ClInclude>
    <ClInclude Include="NativeInterface.h">
      <Filter>Common</Filter>
    </ClInclude>
    <ClInclude Include="NativeReader.h">
      <Filter>Common</Filter>
    </ClInclude>
    <ClInclude Include="AIFactory.h">
      <Filter>AI</Filter>
    </ClInclude>
    <ClInclude Include="AITree.h">
      <Filter>AI</Filter>
    </ClInclude>
    <ClInclude Include="AITreeData.h">
      <Filter>AI</Filter>
    </ClInclude>
    <ClInclude Include="AIBehaviour.h">
      <Filter>AI</Filter>
    </ClInclude>
    <ClInclude Include="patch.h">
      <Filter>HPatch</Filter>
    </ClInclude>
    <ClInclude Include="patch_types.h">
      <Filter>HPatch</Filter>
    </ClInclude>
    <ClInclude Include="picojson.h">
      <Filter>Common</Filter>
    </ClInclude>
    <ClInclude Include="HPatchTest.h">
      <Filter>Common</Filter>
    </ClInclude>
  </ItemGroup>
  <ItemGroup>
    <ClCompile Include="Log.cpp">
      <Filter>Common</Filter>
    </ClCompile>
    <ClInclude Include="DefaultEquip.cpp">
      <Filter>Table</Filter>
    </ClInclude>
    <ClInclude Include="FashionList.cpp">
      <Filter>Table</Filter>
    </ClInclude>
    <ClInclude Include="FashionSuit.cpp">
      <Filter>Table</Filter>
    </ClInclude>
    <ClInclude Include="XEntityPresentation.cpp">
      <Filter>Table</Filter>
    </ClInclude>
    <ClInclude Include="XEntityStatistics.cpp">
      <Filter>Table</Filter>
    </ClInclude>
    <ClInclude Include="XNpcList.cpp">
      <Filter>Table</Filter>
    </ClInclude>
    <ClInclude Include="SceneList.cpp">
      <Filter>Table</Filter>
    </ClInclude>
    <ClCompile Include="Common.cpp">
      <Filter>Common</Filter>
    </ClCompile>
    <ClCompile Include="NativeInterface.cpp">
      <Filter>Common</Filter>
    </ClCompile>
    <ClCompile Include="NativeReader.cpp">
      <Filter>Common</Filter>
    </ClCompile>
    <ClCompile Include="QteStatusList.cpp">
      <Filter>Table</Filter>
    </ClCompile>
    <ClCompile Include="EquipSuit.cpp">
      <Filter>Table</Filter>
    </ClCompile>
    <ClCompile Include="AIFactory.cpp">
      <Filter>AI</Filter>
    </ClCompile>
    <ClCompile Include="AITree.cpp">
      <Filter>AI</Filter>
    </ClCompile>
    <ClCompile Include="AIBehaviour.cpp">
      <Filter>AI</Filter>
    </ClCompile>
    <ClCompile Include="patch.c">
      <Filter>HPatch</Filter>
    </ClCompile>
  </ItemGroup>
</Project>