// !$*UTF8*$!
{
	archiveVersion = 1;
	classes = {
	};
	objectVersion = 48;
	objects = {

/* Begin PBXBuildFile section */
		4E822A041FCD9D7F00BB8D92 /* AIBase.cpp in Sources */ = {isa = PBXBuildFile; fileRef = 4E8229D91FCD9D7C00BB8D92 /* AIBase.cpp */; };
		4E822A051FCD9D7F00BB8D92 /* AITree.cpp in Sources */ = {isa = PBXBuildFile; fileRef = 4E8229DD1FCD9D7C00BB8D92 /* AITree.cpp */; };
		4E822A061FCD9D7F00BB8D92 /* AIBehaviour.cpp in Sources */ = {isa = PBXBuildFile; fileRef = 4E8229DF1FCD9D7C00BB8D92 /* AIBehaviour.cpp */; };
		4E822A071FCD9D7F00BB8D92 /* AIFactory.cpp in Sources */ = {isa = PBXBuildFile; fileRef = 4E8229E21FCD9D7C00BB8D92 /* AIFactory.cpp */; };
		4E822A081FCD9D7F00BB8D92 /* FashionSuit.cpp in Sources */ = {isa = PBXBuildFile; fileRef = 4E8229E31FCD9D7C00BB8D92 /* FashionSuit.cpp */; };
		4E822A091FCD9D7F00BB8D92 /* NativeReader.cpp in Sources */ = {isa = PBXBuildFile; fileRef = 4E8229E51FCD9D7C00BB8D92 /* NativeReader.cpp */; };
		4E822A0A1FCD9D7F00BB8D92 /* AISelector.cpp in Sources */ = {isa = PBXBuildFile; fileRef = 4E8229E71FCD9D7C00BB8D92 /* AISelector.cpp */; };
		4E822A0B1FCD9D7F00BB8D92 /* XEntityStatistics.cpp in Sources */ = {isa = PBXBuildFile; fileRef = 4E8229E81FCD9D7C00BB8D92 /* XEntityStatistics.cpp */; };
		4E822A0C1FCD9D7F00BB8D92 /* NativeInterface.cpp in Sources */ = {isa = PBXBuildFile; fileRef = 4E8229EB1FCD9D7D00BB8D92 /* NativeInterface.cpp */; };
		4E822A0D1FCD9D7F00BB8D92 /* QteStatusList.cpp in Sources */ = {isa = PBXBuildFile; fileRef = 4E8229ED1FCD9D7D00BB8D92 /* QteStatusList.cpp */; };
		4E822A0E1FCD9D7F00BB8D92 /* XEntityPresentation.cpp in Sources */ = {isa = PBXBuildFile; fileRef = 4E8229EE1FCD9D7D00BB8D92 /* XEntityPresentation.cpp */; };
		4E822A0F1FCD9D7F00BB8D92 /* AIInterval.cpp in Sources */ = {isa = PBXBuildFile; fileRef = 4E8229F01FCD9D7D00BB8D92 /* AIInterval.cpp */; };
		4E822A101FCD9D7F00BB8D92 /* AITreeData.cpp in Sources */ = {isa = PBXBuildFile; fileRef = 4E8229F11FCD9D7D00BB8D92 /* AITreeData.cpp */; };
		4E822A111FCD9D7F00BB8D92 /* DefaultEquip.cpp in Sources */ = {isa = PBXBuildFile; fileRef = 4E8229F21FCD9D7D00BB8D92 /* DefaultEquip.cpp */; };
		4E822A121FCD9D7F00BB8D92 /* Log.cpp in Sources */ = {isa = PBXBuildFile; fileRef = 4E8229F51FCD9D7D00BB8D92 /* Log.cpp */; };
		4E822A131FCD9D7F00BB8D92 /* SceneList.cpp in Sources */ = {isa = PBXBuildFile; fileRef = 4E8229F61FCD9D7E00BB8D92 /* SceneList.cpp */; };
		4E822A141FCD9D7F00BB8D92 /* Common.cpp in Sources */ = {isa = PBXBuildFile; fileRef = 4E8229F91FCD9D7E00BB8D92 /* Common.cpp */; };
		4E822A151FCD9D7F00BB8D92 /* AISequence.cpp in Sources */ = {isa = PBXBuildFile; fileRef = 4E8229FB1FCD9D7E00BB8D92 /* AISequence.cpp */; };
		4E822A161FCD9D7F00BB8D92 /* FashionList.cpp in Sources */ = {isa = PBXBuildFile; fileRef = 4E8229FC1FCD9D7E00BB8D92 /* FashionList.cpp */; };
		4E822A171FCD9D7F00BB8D92 /* EquipSuit.cpp in Sources */ = {isa = PBXBuildFile; fileRef = 4E822A021FCD9D7F00BB8D92 /* EquipSuit.cpp */; };
		4E822A181FCD9D7F00BB8D92 /* XNpcList.cpp in Sources */ = {isa = PBXBuildFile; fileRef = 4E822A031FCD9D7F00BB8D92 /* XNpcList.cpp */; };
/* End PBXBuildFile section */

/* Begin PBXFileReference section */
		4E8229D91FCD9D7C00BB8D92 /* AIBase.cpp */ = {isa = PBXFileReference; fileEncoding = 4; lastKnownFileType = sourcecode.cpp.cpp; name = AIBase.cpp; path = ../../../XCPP/XTable/AIBase.cpp; sourceTree = "<group>"; };
		4E8229DA1FCD9D7C00BB8D92 /* AIFactory.h */ = {isa = PBXFileReference; fileEncoding = 4; lastKnownFileType = sourcecode.c.h; name = AIFactory.h; path = ../../../XCPP/XTable/AIFactory.h; sourceTree = "<group>"; };
		4E8229DB1FCD9D7C00BB8D92 /* SceneList.h */ = {isa = PBXFileReference; fileEncoding = 4; lastKnownFileType = sourcecode.c.h; name = SceneList.h; path = ../../../XCPP/XTable/SceneList.h; sourceTree = "<group>"; };
		4E8229DC1FCD9D7C00BB8D92 /* XNpcList.h */ = {isa = PBXFileReference; fileEncoding = 4; lastKnownFileType = sourcecode.c.h; name = XNpcList.h; path = ../../../XCPP/XTable/XNpcList.h; sourceTree = "<group>"; };
		4E8229DD1FCD9D7C00BB8D92 /* AITree.cpp */ = {isa = PBXFileReference; fileEncoding = 4; lastKnownFileType = sourcecode.cpp.cpp; name = AITree.cpp; path = ../../../XCPP/XTable/AITree.cpp; sourceTree = "<group>"; };
		4E8229DE1FCD9D7C00BB8D92 /* NativeReader.h */ = {isa = PBXFileReference; fileEncoding = 4; lastKnownFileType = sourcecode.c.h; name = NativeReader.h; path = ../../../XCPP/XTable/NativeReader.h; sourceTree = "<group>"; };
		4E8229DF1FCD9D7C00BB8D92 /* AIBehaviour.cpp */ = {isa = PBXFileReference; fileEncoding = 4; lastKnownFileType = sourcecode.cpp.cpp; name = AIBehaviour.cpp; path = ../../../XCPP/XTable/AIBehaviour.cpp; sourceTree = "<group>"; };
		4E8229E01FCD9D7C00BB8D92 /* AIBehaviour.h */ = {isa = PBXFileReference; fileEncoding = 4; lastKnownFileType = sourcecode.c.h; name = AIBehaviour.h; path = ../../../XCPP/XTable/AIBehaviour.h; sourceTree = "<group>"; };
		4E8229E11FCD9D7C00BB8D92 /* XEntityPresentation.h */ = {isa = PBXFileReference; fileEncoding = 4; lastKnownFileType = sourcecode.c.h; name = XEntityPresentation.h; path = ../../../XCPP/XTable/XEntityPresentation.h; sourceTree = "<group>"; };
		4E8229E21FCD9D7C00BB8D92 /* AIFactory.cpp */ = {isa = PBXFileReference; fileEncoding = 4; lastKnownFileType = sourcecode.cpp.cpp; name = AIFactory.cpp; path = ../../../XCPP/XTable/AIFactory.cpp; sourceTree = "<group>"; };
		4E8229E31FCD9D7C00BB8D92 /* FashionSuit.cpp */ = {isa = PBXFileReference; fileEncoding = 4; lastKnownFileType = sourcecode.cpp.cpp; name = FashionSuit.cpp; path = ../../../XCPP/XTable/FashionSuit.cpp; sourceTree = "<group>"; };
		4E8229E41FCD9D7C00BB8D92 /* AISelector.h */ = {isa = PBXFileReference; fileEncoding = 4; lastKnownFileType = sourcecode.c.h; name = AISelector.h; path = ../../../XCPP/XTable/AISelector.h; sourceTree = "<group>"; };
		4E8229E51FCD9D7C00BB8D92 /* NativeReader.cpp */ = {isa = PBXFileReference; fileEncoding = 4; lastKnownFileType = sourcecode.cpp.cpp; name = NativeReader.cpp; path = ../../../XCPP/XTable/NativeReader.cpp; sourceTree = "<group>"; };
		4E8229E61FCD9D7C00BB8D92 /* FashionSuit.h */ = {isa = PBXFileReference; fileEncoding = 4; lastKnownFileType = sourcecode.c.h; name = FashionSuit.h; path = ../../../XCPP/XTable/FashionSuit.h; sourceTree = "<group>"; };
		4E8229E71FCD9D7C00BB8D92 /* AISelector.cpp */ = {isa = PBXFileReference; fileEncoding = 4; lastKnownFileType = sourcecode.cpp.cpp; name = AISelector.cpp; path = ../../../XCPP/XTable/AISelector.cpp; sourceTree = "<group>"; };
		4E8229E81FCD9D7C00BB8D92 /* XEntityStatistics.cpp */ = {isa = PBXFileReference; fileEncoding = 4; lastKnownFileType = sourcecode.cpp.cpp; name = XEntityStatistics.cpp; path = ../../../XCPP/XTable/XEntityStatistics.cpp; sourceTree = "<group>"; };
		4E8229E91FCD9D7C00BB8D92 /* picotest.h */ = {isa = PBXFileReference; fileEncoding = 4; lastKnownFileType = sourcecode.c.h; name = picotest.h; path = ../../../XCPP/XTable/picotest.h; sourceTree = "<group>"; };
		4E8229EA1FCD9D7C00BB8D92 /* AIInterval.h */ = {isa = PBXFileReference; fileEncoding = 4; lastKnownFileType = sourcecode.c.h; name = AIInterval.h; path = ../../../XCPP/XTable/AIInterval.h; sourceTree = "<group>"; };
		4E8229EB1FCD9D7D00BB8D92 /* NativeInterface.cpp */ = {isa = PBXFileReference; fileEncoding = 4; lastKnownFileType = sourcecode.cpp.cpp; name = NativeInterface.cpp; path = ../../../XCPP/XTable/NativeInterface.cpp; sourceTree = "<group>"; };
		4E8229EC1FCD9D7D00BB8D92 /* Common.h */ = {isa = PBXFileReference; fileEncoding = 4; lastKnownFileType = sourcecode.c.h; name = Common.h; path = ../../../XCPP/XTable/Common.h; sourceTree = "<group>"; };
		4E8229ED1FCD9D7D00BB8D92 /* QteStatusList.cpp */ = {isa = PBXFileReference; fileEncoding = 4; lastKnownFileType = sourcecode.cpp.cpp; name = QteStatusList.cpp; path = ../../../XCPP/XTable/QteStatusList.cpp; sourceTree = "<group>"; };
		4E8229EE1FCD9D7D00BB8D92 /* XEntityPresentation.cpp */ = {isa = PBXFileReference; fileEncoding = 4; lastKnownFileType = sourcecode.cpp.cpp; name = XEntityPresentation.cpp; path = ../../../XCPP/XTable/XEntityPresentation.cpp; sourceTree = "<group>"; };
		4E8229EF1FCD9D7D00BB8D92 /* AIBase.h */ = {isa = PBXFileReference; fileEncoding = 4; lastKnownFileType = sourcecode.c.h; name = AIBase.h; path = ../../../XCPP/XTable/AIBase.h; sourceTree = "<group>"; };
		4E8229F01FCD9D7D00BB8D92 /* AIInterval.cpp */ = {isa = PBXFileReference; fileEncoding = 4; lastKnownFileType = sourcecode.cpp.cpp; name = AIInterval.cpp; path = ../../../XCPP/XTable/AIInterval.cpp; sourceTree = "<group>"; };
		4E8229F11FCD9D7D00BB8D92 /* AITreeData.cpp */ = {isa = PBXFileReference; fileEncoding = 4; lastKnownFileType = sourcecode.cpp.cpp; name = AITreeData.cpp; path = ../../../XCPP/XTable/AITreeData.cpp; sourceTree = "<group>"; };
		4E8229F21FCD9D7D00BB8D92 /* DefaultEquip.cpp */ = {isa = PBXFileReference; fileEncoding = 4; lastKnownFileType = sourcecode.cpp.cpp; name = DefaultEquip.cpp; path = ../../../XCPP/XTable/DefaultEquip.cpp; sourceTree = "<group>"; };
		4E8229F31FCD9D7D00BB8D92 /* DefaultEquip.h */ = {isa = PBXFileReference; fileEncoding = 4; lastKnownFileType = sourcecode.c.h; name = DefaultEquip.h; path = ../../../XCPP/XTable/DefaultEquip.h; sourceTree = "<group>"; };
		4E8229F41FCD9D7D00BB8D92 /* FashionList.h */ = {isa = PBXFileReference; fileEncoding = 4; lastKnownFileType = sourcecode.c.h; name = FashionList.h; path = ../../../XCPP/XTable/FashionList.h; sourceTree = "<group>"; };
		4E8229F51FCD9D7D00BB8D92 /* Log.cpp */ = {isa = PBXFileReference; fileEncoding = 4; lastKnownFileType = sourcecode.cpp.cpp; name = Log.cpp; path = ../../../XCPP/XTable/Log.cpp; sourceTree = "<group>"; };
		4E8229F61FCD9D7E00BB8D92 /* SceneList.cpp */ = {isa = PBXFileReference; fileEncoding = 4; lastKnownFileType = sourcecode.cpp.cpp; name = SceneList.cpp; path = ../../../XCPP/XTable/SceneList.cpp; sourceTree = "<group>"; };
		4E8229F71FCD9D7E00BB8D92 /* AISequence.h */ = {isa = PBXFileReference; fileEncoding = 4; lastKnownFileType = sourcecode.c.h; name = AISequence.h; path = ../../../XCPP/XTable/AISequence.h; sourceTree = "<group>"; };
		4E8229F81FCD9D7E00BB8D92 /* NativeInterface.h */ = {isa = PBXFileReference; fileEncoding = 4; lastKnownFileType = sourcecode.c.h; name = NativeInterface.h; path = ../../../XCPP/XTable/NativeInterface.h; sourceTree = "<group>"; };
		4E8229F91FCD9D7E00BB8D92 /* Common.cpp */ = {isa = PBXFileReference; fileEncoding = 4; lastKnownFileType = sourcecode.cpp.cpp; name = Common.cpp; path = ../../../XCPP/XTable/Common.cpp; sourceTree = "<group>"; };
		4E8229FA1FCD9D7E00BB8D92 /* XEntityStatistics.h */ = {isa = PBXFileReference; fileEncoding = 4; lastKnownFileType = sourcecode.c.h; name = XEntityStatistics.h; path = ../../../XCPP/XTable/XEntityStatistics.h; sourceTree = "<group>"; };
		4E8229FB1FCD9D7E00BB8D92 /* AISequence.cpp */ = {isa = PBXFileReference; fileEncoding = 4; lastKnownFileType = sourcecode.cpp.cpp; name = AISequence.cpp; path = ../../../XCPP/XTable/AISequence.cpp; sourceTree = "<group>"; };
		4E8229FC1FCD9D7E00BB8D92 /* FashionList.cpp */ = {isa = PBXFileReference; fileEncoding = 4; lastKnownFileType = sourcecode.cpp.cpp; name = FashionList.cpp; path = ../../../XCPP/XTable/FashionList.cpp; sourceTree = "<group>"; };
		4E8229FD1FCD9D7E00BB8D92 /* Log.h */ = {isa = PBXFileReference; fileEncoding = 4; lastKnownFileType = sourcecode.c.h; name = Log.h; path = ../../../XCPP/XTable/Log.h; sourceTree = "<group>"; };
		4E8229FE1FCD9D7E00BB8D92 /* AITree.h */ = {isa = PBXFileReference; fileEncoding = 4; lastKnownFileType = sourcecode.c.h; name = AITree.h; path = ../../../XCPP/XTable/AITree.h; sourceTree = "<group>"; };
		4E8229FF1FCD9D7F00BB8D92 /* EquipSuit.h */ = {isa = PBXFileReference; fileEncoding = 4; lastKnownFileType = sourcecode.c.h; name = EquipSuit.h; path = ../../../XCPP/XTable/EquipSuit.h; sourceTree = "<group>"; };
		4E822A001FCD9D7F00BB8D92 /* QteStatusList.h */ = {isa = PBXFileReference; fileEncoding = 4; lastKnownFileType = sourcecode.c.h; name = QteStatusList.h; path = ../../../XCPP/XTable/QteStatusList.h; sourceTree = "<group>"; };
		4E822A011FCD9D7F00BB8D92 /* AITreeData.h */ = {isa = PBXFileReference; fileEncoding = 4; lastKnownFileType = sourcecode.c.h; name = AITreeData.h; path = ../../../XCPP/XTable/AITreeData.h; sourceTree = "<group>"; };
		4E822A021FCD9D7F00BB8D92 /* EquipSuit.cpp */ = {isa = PBXFileReference; fileEncoding = 4; lastKnownFileType = sourcecode.cpp.cpp; name = EquipSuit.cpp; path = ../../../XCPP/XTable/EquipSuit.cpp; sourceTree = "<group>"; };
		4E822A031FCD9D7F00BB8D92 /* XNpcList.cpp */ = {isa = PBXFileReference; fileEncoding = 4; lastKnownFileType = sourcecode.cpp.cpp; name = XNpcList.cpp; path = ../../../XCPP/XTable/XNpcList.cpp; sourceTree = "<group>"; };
		4E8FC5A11FC6EB84003DB8C7 /* XTable.bundle */ = {isa = PBXFileReference; explicitFileType = wrapper.cfbundle; includeInIndex = 0; path = XTable.bundle; sourceTree = BUILT_PRODUCTS_DIR; };
		4E8FC5A41FC6EB84003DB8C7 /* Info.plist */ = {isa = PBXFileReference; lastKnownFileType = text.plist.xml; path = Info.plist; sourceTree = "<group>"; };
/* End PBXFileReference section */

/* Begin PBXFrameworksBuildPhase section */
		4E8FC59E1FC6EB84003DB8C7 /* Frameworks */ = {
			isa = PBXFrameworksBuildPhase;
			buildActionMask = 2147483647;
			files = (
			);
			runOnlyForDeploymentPostprocessing = 0;
		};
/* End PBXFrameworksBuildPhase section */

/* Begin PBXGroup section */
		4E8FC5981FC6EB84003DB8C7 = {
			isa = PBXGroup;
			children = (
				4E8FC5A31FC6EB84003DB8C7 /* XTable */,
				4E8FC5A21FC6EB84003DB8C7 /* Products */,
			);
			sourceTree = "<group>";
		};
		4E8FC5A21FC6EB84003DB8C7 /* Products */ = {
			isa = PBXGroup;
			children = (
				4E8FC5A11FC6EB84003DB8C7 /* XTable.bundle */,
			);
			name = Products;
			sourceTree = "<group>";
		};
		4E8FC5A31FC6EB84003DB8C7 /* XTable */ = {
			isa = PBXGroup;
			children = (
				4E8FC5A41FC6EB84003DB8C7 /* Info.plist */,
				4E8229D91FCD9D7C00BB8D92 /* AIBase.cpp */,
				4E8229EF1FCD9D7D00BB8D92 /* AIBase.h */,
				4E8229DF1FCD9D7C00BB8D92 /* AIBehaviour.cpp */,
				4E8229E01FCD9D7C00BB8D92 /* AIBehaviour.h */,
				4E8229E21FCD9D7C00BB8D92 /* AIFactory.cpp */,
				4E8229DA1FCD9D7C00BB8D92 /* AIFactory.h */,
				4E8229F01FCD9D7D00BB8D92 /* AIInterval.cpp */,
				4E8229EA1FCD9D7C00BB8D92 /* AIInterval.h */,
				4E8229E71FCD9D7C00BB8D92 /* AISelector.cpp */,
				4E8229E41FCD9D7C00BB8D92 /* AISelector.h */,
				4E8229FB1FCD9D7E00BB8D92 /* AISequence.cpp */,
				4E8229F71FCD9D7E00BB8D92 /* AISequence.h */,
				4E8229DD1FCD9D7C00BB8D92 /* AITree.cpp */,
				4E8229FE1FCD9D7E00BB8D92 /* AITree.h */,
				4E8229F11FCD9D7D00BB8D92 /* AITreeData.cpp */,
				4E822A011FCD9D7F00BB8D92 /* AITreeData.h */,
				4E8229F91FCD9D7E00BB8D92 /* Common.cpp */,
				4E8229EC1FCD9D7D00BB8D92 /* Common.h */,
				4E8229F21FCD9D7D00BB8D92 /* DefaultEquip.cpp */,
				4E8229F31FCD9D7D00BB8D92 /* DefaultEquip.h */,
				4E822A021FCD9D7F00BB8D92 /* EquipSuit.cpp */,
				4E8229FF1FCD9D7F00BB8D92 /* EquipSuit.h */,
				4E8229FC1FCD9D7E00BB8D92 /* FashionList.cpp */,
				4E8229F41FCD9D7D00BB8D92 /* FashionList.h */,
				4E8229E31FCD9D7C00BB8D92 /* FashionSuit.cpp */,
				4E8229E61FCD9D7C00BB8D92 /* FashionSuit.h */,
				4E8229F51FCD9D7D00BB8D92 /* Log.cpp */,
				4E8229FD1FCD9D7E00BB8D92 /* Log.h */,
				4E8229EB1FCD9D7D00BB8D92 /* NativeInterface.cpp */,
				4E8229F81FCD9D7E00BB8D92 /* NativeInterface.h */,
				4E8229E51FCD9D7C00BB8D92 /* NativeReader.cpp */,
				4E8229DE1FCD9D7C00BB8D92 /* NativeReader.h */,
				4E8229E91FCD9D7C00BB8D92 /* picotest.h */,
				4E8229ED1FCD9D7D00BB8D92 /* QteStatusList.cpp */,
				4E822A001FCD9D7F00BB8D92 /* QteStatusList.h */,
				4E8229F61FCD9D7E00BB8D92 /* SceneList.cpp */,
				4E8229DB1FCD9D7C00BB8D92 /* SceneList.h */,
				4E8229EE1FCD9D7D00BB8D92 /* XEntityPresentation.cpp */,
				4E8229E11FCD9D7C00BB8D92 /* XEntityPresentation.h */,
				4E8229E81FCD9D7C00BB8D92 /* XEntityStatistics.cpp */,
				4E8229FA1FCD9D7E00BB8D92 /* XEntityStatistics.h */,
				4E822A031FCD9D7F00BB8D92 /* XNpcList.cpp */,
				4E8229DC1FCD9D7C00BB8D92 /* XNpcList.h */,
			);
			path = XTable;
			sourceTree = "<group>";
		};
/* End PBXGroup section */

/* Begin PBXNativeTarget section */
		4E8FC5A01FC6EB84003DB8C7 /* XTable */ = {
			isa = PBXNativeTarget;
			buildConfigurationList = 4E8FC5A71FC6EB84003DB8C7 /* Build configuration list for PBXNativeTarget "XTable" */;
			buildPhases = (
				4E8FC59D1FC6EB84003DB8C7 /* Sources */,
				4E8FC59E1FC6EB84003DB8C7 /* Frameworks */,
				4E8FC59F1FC6EB84003DB8C7 /* Resources */,
			);
			buildRules = (
			);
			dependencies = (
			);
			name = XTable;
			productName = XTable;
			productReference = 4E8FC5A11FC6EB84003DB8C7 /* XTable.bundle */;
			productType = "com.apple.product-type.bundle";
		};
/* End PBXNativeTarget section */

/* Begin PBXProject section */
		4E8FC5991FC6EB84003DB8C7 /* Project object */ = {
			isa = PBXProject;
			attributes = {
				LastUpgradeCheck = 0910;
				ORGANIZATIONNAME = "___FULLUSERNE___";
				TargetAttributes = {
					4E8FC5A01FC6EB84003DB8C7 = {
						CreatedOnToolsVersion = 9.1;
						ProvisioningStyle = Manual;
					};
				};
			};
			buildConfigurationList = 4E8FC59C1FC6EB84003DB8C7 /* Build configuration list for PBXProject "XTable" */;
			compatibilityVersion = "Xcode 8.0";
			developmentRegion = en;
			hasScannedForEncodings = 0;
			knownRegions = (
				en,
			);
			mainGroup = 4E8FC5981FC6EB84003DB8C7;
			productRefGroup = 4E8FC5A21FC6EB84003DB8C7 /* Products */;
			projectDirPath = "";
			projectRoot = "";
			targets = (
				4E8FC5A01FC6EB84003DB8C7 /* XTable */,
			);
		};
/* End PBXProject section */

/* Begin PBXResourcesBuildPhase section */
		4E8FC59F1FC6EB84003DB8C7 /* Resources */ = {
			isa = PBXResourcesBuildPhase;
			buildActionMask = 2147483647;
			files = (
			);
			runOnlyForDeploymentPostprocessing = 0;
		};
/* End PBXResourcesBuildPhase section */

/* Begin PBXSourcesBuildPhase section */
		4E8FC59D1FC6EB84003DB8C7 /* Sources */ = {
			isa = PBXSourcesBuildPhase;
			buildActionMask = 2147483647;
			files = (
				4E822A0E1FCD9D7F00BB8D92 /* XEntityPresentation.cpp in Sources */,
				4E822A0C1FCD9D7F00BB8D92 /* NativeInterface.cpp in Sources */,
				4E822A161FCD9D7F00BB8D92 /* FashionList.cpp in Sources */,
				4E822A171FCD9D7F00BB8D92 /* EquipSuit.cpp in Sources */,
				4E822A081FCD9D7F00BB8D92 /* FashionSuit.cpp in Sources */,
				4E822A091FCD9D7F00BB8D92 /* NativeReader.cpp in Sources */,
				4E822A071FCD9D7F00BB8D92 /* AIFactory.cpp in Sources */,
				4E822A101FCD9D7F00BB8D92 /* AITreeData.cpp in Sources */,
				4E822A121FCD9D7F00BB8D92 /* Log.cpp in Sources */,
				4E822A041FCD9D7F00BB8D92 /* AIBase.cpp in Sources */,
				4E822A151FCD9D7F00BB8D92 /* AISequence.cpp in Sources */,
				4E822A131FCD9D7F00BB8D92 /* SceneList.cpp in Sources */,
				4E822A0F1FCD9D7F00BB8D92 /* AIInterval.cpp in Sources */,
				4E822A181FCD9D7F00BB8D92 /* XNpcList.cpp in Sources */,
				4E822A141FCD9D7F00BB8D92 /* Common.cpp in Sources */,
				4E822A051FCD9D7F00BB8D92 /* AITree.cpp in Sources */,
				4E822A061FCD9D7F00BB8D92 /* AIBehaviour.cpp in Sources */,
				4E822A0B1FCD9D7F00BB8D92 /* XEntityStatistics.cpp in Sources */,
				4E822A0D1FCD9D7F00BB8D92 /* QteStatusList.cpp in Sources */,
				4E822A111FCD9D7F00BB8D92 /* DefaultEquip.cpp in Sources */,
				4E822A0A1FCD9D7F00BB8D92 /* AISelector.cpp in Sources */,
			);
			runOnlyForDeploymentPostprocessing = 0;
		};
/* End PBXSourcesBuildPhase section */

/* Begin XCBuildConfiguration section */
		4E8FC5A51FC6EB84003DB8C7 /* Debug */ = {
			isa = XCBuildConfiguration;
			buildSettings = {
				ALWAYS_SEARCH_USER_PATHS = NO;
				CLANG_ANALYZER_NONNULL = YES;
				CLANG_ANALYZER_NUMBER_OBJECT_CONVERSION = YES_AGGRESSIVE;
				CLANG_CXX_LANGUAGE_STANDARD = "gnu++14";
				CLANG_CXX_LIBRARY = "libc++";
				CLANG_ENABLE_MODULES = YES;
				CLANG_ENABLE_OBJC_ARC = YES;
				CLANG_WARN_BLOCK_CAPTURE_AUTORELEASING = YES;
				CLANG_WARN_BOOL_CONVERSION = YES;
				CLANG_WARN_COMMA = YES;
				CLANG_WARN_CONSTANT_CONVERSION = YES;
				CLANG_WARN_DIRECT_OBJC_ISA_USAGE = YES_ERROR;
				CLANG_WARN_DOCUMENTATION_COMMENTS = YES;
				CLANG_WARN_EMPTY_BODY = YES;
				CLANG_WARN_ENUM_CONVERSION = YES;
				CLANG_WARN_INFINITE_RECURSION = YES;
				CLANG_WARN_INT_CONVERSION = YES;
				CLANG_WARN_NON_LITERAL_NULL_CONVERSION = YES;
				CLANG_WARN_OBJC_LITERAL_CONVERSION = YES;
				CLANG_WARN_OBJC_ROOT_CLASS = YES_ERROR;
				CLANG_WARN_RANGE_LOOP_ANALYSIS = YES;
				CLANG_WARN_STRICT_PROTOTYPES = YES;
				CLANG_WARN_SUSPICIOUS_MOVE = YES;
				CLANG_WARN_UNGUARDED_AVAILABILITY = YES_AGGRESSIVE;
				CLANG_WARN_UNREACHABLE_CODE = YES;
				CLANG_WARN__DUPLICATE_METHOD_MATCH = YES;
				CODE_SIGN_IDENTITY = "-";
				COPY_PHASE_STRIP = NO;
				DEBUG_INFORMATION_FORMAT = dwarf;
				ENABLE_STRICT_OBJC_MSGSEND = YES;
				ENABLE_TESTABILITY = YES;
				GCC_C_LANGUAGE_STANDARD = gnu11;
				GCC_DYNAMIC_NO_PIC = NO;
				GCC_NO_COMMON_BLOCKS = YES;
				GCC_OPTIMIZATION_LEVEL = 0;
				GCC_PREPROCESSOR_DEFINITIONS = (
					"DEBUG=1",
					"$(inherited)",
				);
				GCC_WARN_64_TO_32_BIT_CONVERSION = YES;
				GCC_WARN_ABOUT_RETURN_TYPE = YES_ERROR;
				GCC_WARN_UNDECLARED_SELECTOR = YES;
				GCC_WARN_UNINITIALIZED_AUTOS = YES_AGGRESSIVE;
				GCC_WARN_UNUSED_FUNCTION = YES;
				GCC_WARN_UNUSED_VARIABLE = YES;
				MACOSX_DEPLOYMENT_TARGET = 10.12;
				MTL_ENABLE_DEBUG_INFO = YES;
				ONLY_ACTIVE_ARCH = YES;
				SDKROOT = macosx;
			};
			name = Debug;
		};
		4E8FC5A61FC6EB84003DB8C7 /* Release */ = {
			isa = XCBuildConfiguration;
			buildSettings = {
				ALWAYS_SEARCH_USER_PATHS = NO;
				CLANG_ANALYZER_NONNULL = YES;
				CLANG_ANALYZER_NUMBER_OBJECT_CONVERSION = YES_AGGRESSIVE;
				CLANG_CXX_LANGUAGE_STANDARD = "gnu++14";
				CLANG_CXX_LIBRARY = "libc++";
				CLANG_ENABLE_MODULES = YES;
				CLANG_ENABLE_OBJC_ARC = YES;
				CLANG_WARN_BLOCK_CAPTURE_AUTORELEASING = YES;
				CLANG_WARN_BOOL_CONVERSION = YES;
				CLANG_WARN_COMMA = YES;
				CLANG_WARN_CONSTANT_CONVERSION = YES;
				CLANG_WARN_DIRECT_OBJC_ISA_USAGE = YES_ERROR;
				CLANG_WARN_DOCUMENTATION_COMMENTS = YES;
				CLANG_WARN_EMPTY_BODY = YES;
				CLANG_WARN_ENUM_CONVERSION = YES;
				CLANG_WARN_INFINITE_RECURSION = YES;
				CLANG_WARN_INT_CONVERSION = YES;
				CLANG_WARN_NON_LITERAL_NULL_CONVERSION = YES;
				CLANG_WARN_OBJC_LITERAL_CONVERSION = YES;
				CLANG_WARN_OBJC_ROOT_CLASS = YES_ERROR;
				CLANG_WARN_RANGE_LOOP_ANALYSIS = YES;
				CLANG_WARN_STRICT_PROTOTYPES = YES;
				CLANG_WARN_SUSPICIOUS_MOVE = YES;
				CLANG_WARN_UNGUARDED_AVAILABILITY = YES_AGGRESSIVE;
				CLANG_WARN_UNREACHABLE_CODE = YES;
				CLANG_WARN__DUPLICATE_METHOD_MATCH = YES;
				CODE_SIGN_IDENTITY = "-";
				COPY_PHASE_STRIP = NO;
				DEBUG_INFORMATION_FORMAT = "dwarf-with-dsym";
				ENABLE_NS_ASSERTIONS = NO;
				ENABLE_STRICT_OBJC_MSGSEND = YES;
				GCC_C_LANGUAGE_STANDARD = gnu11;
				GCC_NO_COMMON_BLOCKS = YES;
				GCC_WARN_64_TO_32_BIT_CONVERSION = YES;
				GCC_WARN_ABOUT_RETURN_TYPE = YES_ERROR;
				GCC_WARN_UNDECLARED_SELECTOR = YES;
				GCC_WARN_UNINITIALIZED_AUTOS = YES_AGGRESSIVE;
				GCC_WARN_UNUSED_FUNCTION = YES;
				GCC_WARN_UNUSED_VARIABLE = YES;
				MACOSX_DEPLOYMENT_TARGET = 10.12;
				MTL_ENABLE_DEBUG_INFO = NO;
				SDKROOT = macosx;
			};
			name = Release;
		};
		4E8FC5A81FC6EB84003DB8C7 /* Debug */ = {
			isa = XCBuildConfiguration;
			buildSettings = {
				CODE_SIGN_STYLE = Manual;
				COMBINE_HIDPI_IMAGES = YES;
				DEVELOPMENT_TEAM = 8VLYWLCLEX;
				INFOPLIST_FILE = XTable/Info.plist;
				INSTALL_PATH = "$(LOCAL_LIBRARY_DIR)/Bundles";
				PRODUCT_BUNDLE_IDENTIFIER = com.yunstudio.XTable;
				PRODUCT_NAME = "$(TARGET_NAME)";
				PROVISIONING_PROFILE_SPECIFIER = "";
				SKIP_INSTALL = YES;
				WRAPPER_EXTENSION = bundle;
			};
			name = Debug;
		};
		4E8FC5A91FC6EB84003DB8C7 /* Release */ = {
			isa = XCBuildConfiguration;
			buildSettings = {
				CODE_SIGN_STYLE = Manual;
				COMBINE_HIDPI_IMAGES = YES;
				DEVELOPMENT_TEAM = "";
				INFOPLIST_FILE = XTable/Info.plist;
				INSTALL_PATH = "$(LOCAL_LIBRARY_DIR)/Bundles";
				PRODUCT_BUNDLE_IDENTIFIER = com.yunstudio.XTable;
				PRODUCT_NAME = "$(TARGET_NAME)";
				PROVISIONING_PROFILE_SPECIFIER = "";
				SKIP_INSTALL = YES;
				WRAPPER_EXTENSION = bundle;
			};
			name = Release;
		};
/* End XCBuildConfiguration section */

/* Begin XCConfigurationList section */
		4E8FC59C1FC6EB84003DB8C7 /* Build configuration list for PBXProject "XTable" */ = {
			isa = XCConfigurationList;
			buildConfigurations = (
				4E8FC5A51FC6EB84003DB8C7 /* Debug */,
				4E8FC5A61FC6EB84003DB8C7 /* Release */,
			);
			defaultConfigurationIsVisible = 0;
			defaultConfigurationName = Release;
		};
		4E8FC5A71FC6EB84003DB8C7 /* Build configuration list for PBXNativeTarget "XTable" */ = {
			isa = XCConfigurationList;
			buildConfigurations = (
				4E8FC5A81FC6EB84003DB8C7 /* Debug */,
				4E8FC5A91FC6EB84003DB8C7 /* Release */,
			);
			defaultConfigurationIsVisible = 0;
			defaultConfigurationName = Release;
		};
/* End XCConfigurationList section */
	};
	rootObject = 4E8FC5991FC6EB84003DB8C7 /* Project object */;
}
