// !$*UTF8*$!
{
	archiveVersion = 1;
	classes = {
	};
	objectVersion = 48;
	objects = {

/* Begin PBXBuildFile section */
		4EB168091FD6894A00D3A423 /* AIBase.cpp in Sources */ = {isa = PBXBuildFile; fileRef = 4EB167DA1FD6894600D3A423 /* AIBase.cpp */; };
		4EB1680A1FD6894A00D3A423 /* AITree.cpp in Sources */ = {isa = PBXBuildFile; fileRef = 4EB167DE1FD6894600D3A423 /* AITree.cpp */; };
		4EB1680B1FD6894A00D3A423 /* patch.c in Sources */ = {isa = PBXBuildFile; fileRef = 4EB167E01FD6894600D3A423 /* patch.c */; };
		4EB1680C1FD6894A00D3A423 /* AIBehaviour.cpp in Sources */ = {isa = PBXBuildFile; fileRef = 4EB167E11FD6894600D3A423 /* AIBehaviour.cpp */; };
		4EB1680D1FD6894A00D3A423 /* AIFactory.cpp in Sources */ = {isa = PBXBuildFile; fileRef = 4EB167E51FD6894600D3A423 /* AIFactory.cpp */; };
		4EB1680E1FD6894A00D3A423 /* FashionSuit.cpp in Sources */ = {isa = PBXBuildFile; fileRef = 4EB167E61FD6894600D3A423 /* FashionSuit.cpp */; };
		4EB1680F1FD6894A00D3A423 /* NativeReader.cpp in Sources */ = {isa = PBXBuildFile; fileRef = 4EB167EA1FD6894600D3A423 /* NativeReader.cpp */; };
		4EB168101FD6894A00D3A423 /* AISelector.cpp in Sources */ = {isa = PBXBuildFile; fileRef = 4EB167EC1FD6894700D3A423 /* AISelector.cpp */; };
		4EB168111FD6894A00D3A423 /* XEntityStatistics.cpp in Sources */ = {isa = PBXBuildFile; fileRef = 4EB167ED1FD6894700D3A423 /* XEntityStatistics.cpp */; };
		4EB168121FD6894A00D3A423 /* NativeInterface.cpp in Sources */ = {isa = PBXBuildFile; fileRef = 4EB167EF1FD6894700D3A423 /* NativeInterface.cpp */; };
		4EB168131FD6894A00D3A423 /* QteStatusList.cpp in Sources */ = {isa = PBXBuildFile; fileRef = 4EB167F11FD6894700D3A423 /* QteStatusList.cpp */; };
		4EB168141FD6894A00D3A423 /* XEntityPresentation.cpp in Sources */ = {isa = PBXBuildFile; fileRef = 4EB167F21FD6894700D3A423 /* XEntityPresentation.cpp */; };
		4EB168151FD6894A00D3A423 /* AIInterval.cpp in Sources */ = {isa = PBXBuildFile; fileRef = 4EB167F41FD6894700D3A423 /* AIInterval.cpp */; };
		4EB168161FD6894A00D3A423 /* AITreeData.cpp in Sources */ = {isa = PBXBuildFile; fileRef = 4EB167F51FD6894700D3A423 /* AITreeData.cpp */; };
		4EB168171FD6894A00D3A423 /* DefaultEquip.cpp in Sources */ = {isa = PBXBuildFile; fileRef = 4EB167F61FD6894700D3A423 /* DefaultEquip.cpp */; };
		4EB168181FD6894A00D3A423 /* Log.cpp in Sources */ = {isa = PBXBuildFile; fileRef = 4EB167F91FD6894800D3A423 /* Log.cpp */; };
		4EB168191FD6894A00D3A423 /* SceneList.cpp in Sources */ = {isa = PBXBuildFile; fileRef = 4EB167FA1FD6894800D3A423 /* SceneList.cpp */; };
		4EB1681A1FD6894A00D3A423 /* Common.cpp in Sources */ = {isa = PBXBuildFile; fileRef = 4EB167FD1FD6894800D3A423 /* Common.cpp */; };
		4EB1681B1FD6894A00D3A423 /* AISequence.cpp in Sources */ = {isa = PBXBuildFile; fileRef = 4EB167FF1FD6894800D3A423 /* AISequence.cpp */; };
		4EB1681C1FD6894A00D3A423 /* FashionList.cpp in Sources */ = {isa = PBXBuildFile; fileRef = 4EB168001FD6894900D3A423 /* FashionList.cpp */; };
		4EB1681D1FD6894A00D3A423 /* EquipSuit.cpp in Sources */ = {isa = PBXBuildFile; fileRef = 4EB168071FD6894900D3A423 /* EquipSuit.cpp */; };
		4EB1681E1FD6894A00D3A423 /* XNpcList.cpp in Sources */ = {isa = PBXBuildFile; fileRef = 4EB168081FD6894A00D3A423 /* XNpcList.cpp */; };
/* End PBXBuildFile section */

/* Begin PBXFileReference section */
		4E8FC5A11FC6EB84003DB8C7 /* XTable.bundle */ = {isa = PBXFileReference; explicitFileType = wrapper.cfbundle; includeInIndex = 0; path = XTable.bundle; sourceTree = BUILT_PRODUCTS_DIR; };
		4E8FC5A41FC6EB84003DB8C7 /* Info.plist */ = {isa = PBXFileReference; lastKnownFileType = text.plist.xml; path = Info.plist; sourceTree = "<group>"; };
		4EB167DA1FD6894600D3A423 /* AIBase.cpp */ = {isa = PBXFileReference; fileEncoding = 4; lastKnownFileType = sourcecode.cpp.cpp; name = AIBase.cpp; path = ../../../XCPP/XTable/AIBase.cpp; sourceTree = "<group>"; };
		4EB167DB1FD6894600D3A423 /* AIFactory.h */ = {isa = PBXFileReference; fileEncoding = 4; lastKnownFileType = sourcecode.c.h; name = AIFactory.h; path = ../../../XCPP/XTable/AIFactory.h; sourceTree = "<group>"; };
		4EB167DC1FD6894600D3A423 /* SceneList.h */ = {isa = PBXFileReference; fileEncoding = 4; lastKnownFileType = sourcecode.c.h; name = SceneList.h; path = ../../../XCPP/XTable/SceneList.h; sourceTree = "<group>"; };
		4EB167DD1FD6894600D3A423 /* XNpcList.h */ = {isa = PBXFileReference; fileEncoding = 4; lastKnownFileType = sourcecode.c.h; name = XNpcList.h; path = ../../../XCPP/XTable/XNpcList.h; sourceTree = "<group>"; };
		4EB167DE1FD6894600D3A423 /* AITree.cpp */ = {isa = PBXFileReference; fileEncoding = 4; lastKnownFileType = sourcecode.cpp.cpp; name = AITree.cpp; path = ../../../XCPP/XTable/AITree.cpp; sourceTree = "<group>"; };
		4EB167DF1FD6894600D3A423 /* NativeReader.h */ = {isa = PBXFileReference; fileEncoding = 4; lastKnownFileType = sourcecode.c.h; name = NativeReader.h; path = ../../../XCPP/XTable/NativeReader.h; sourceTree = "<group>"; };
		4EB167E01FD6894600D3A423 /* patch.c */ = {isa = PBXFileReference; fileEncoding = 4; lastKnownFileType = sourcecode.c.c; name = patch.c; path = ../../../XCPP/XTable/patch.c; sourceTree = "<group>"; };
		4EB167E11FD6894600D3A423 /* AIBehaviour.cpp */ = {isa = PBXFileReference; fileEncoding = 4; lastKnownFileType = sourcecode.cpp.cpp; name = AIBehaviour.cpp; path = ../../../XCPP/XTable/AIBehaviour.cpp; sourceTree = "<group>"; };
		4EB167E21FD6894600D3A423 /* patch.h */ = {isa = PBXFileReference; fileEncoding = 4; lastKnownFileType = sourcecode.c.h; name = patch.h; path = ../../../XCPP/XTable/patch.h; sourceTree = "<group>"; };
		4EB167E31FD6894600D3A423 /* AIBehaviour.h */ = {isa = PBXFileReference; fileEncoding = 4; lastKnownFileType = sourcecode.c.h; name = AIBehaviour.h; path = ../../../XCPP/XTable/AIBehaviour.h; sourceTree = "<group>"; };
		4EB167E41FD6894600D3A423 /* HPatchTest.h */ = {isa = PBXFileReference; fileEncoding = 4; lastKnownFileType = sourcecode.c.h; name = HPatchTest.h; path = ../../../XCPP/XTable/HPatchTest.h; sourceTree = "<group>"; };
		4EB167E51FD6894600D3A423 /* AIFactory.cpp */ = {isa = PBXFileReference; fileEncoding = 4; lastKnownFileType = sourcecode.cpp.cpp; name = AIFactory.cpp; path = ../../../XCPP/XTable/AIFactory.cpp; sourceTree = "<group>"; };
		4EB167E61FD6894600D3A423 /* FashionSuit.cpp */ = {isa = PBXFileReference; fileEncoding = 4; lastKnownFileType = sourcecode.cpp.cpp; name = FashionSuit.cpp; path = ../../../XCPP/XTable/FashionSuit.cpp; sourceTree = "<group>"; };
		4EB167E71FD6894600D3A423 /* XEntityPresentation.h */ = {isa = PBXFileReference; fileEncoding = 4; lastKnownFileType = sourcecode.c.h; name = XEntityPresentation.h; path = ../../../XCPP/XTable/XEntityPresentation.h; sourceTree = "<group>"; };
		4EB167E81FD6894600D3A423 /* patch_types.h */ = {isa = PBXFileReference; fileEncoding = 4; lastKnownFileType = sourcecode.c.h; name = patch_types.h; path = ../../../XCPP/XTable/patch_types.h; sourceTree = "<group>"; };
		4EB167E91FD6894600D3A423 /* AISelector.h */ = {isa = PBXFileReference; fileEncoding = 4; lastKnownFileType = sourcecode.c.h; name = AISelector.h; path = ../../../XCPP/XTable/AISelector.h; sourceTree = "<group>"; };
		4EB167EA1FD6894600D3A423 /* NativeReader.cpp */ = {isa = PBXFileReference; fileEncoding = 4; lastKnownFileType = sourcecode.cpp.cpp; name = NativeReader.cpp; path = ../../../XCPP/XTable/NativeReader.cpp; sourceTree = "<group>"; };
		4EB167EB1FD6894600D3A423 /* FashionSuit.h */ = {isa = PBXFileReference; fileEncoding = 4; lastKnownFileType = sourcecode.c.h; name = FashionSuit.h; path = ../../../XCPP/XTable/FashionSuit.h; sourceTree = "<group>"; };
		4EB167EC1FD6894700D3A423 /* AISelector.cpp */ = {isa = PBXFileReference; fileEncoding = 4; lastKnownFileType = sourcecode.cpp.cpp; name = AISelector.cpp; path = ../../../XCPP/XTable/AISelector.cpp; sourceTree = "<group>"; };
		4EB167ED1FD6894700D3A423 /* XEntityStatistics.cpp */ = {isa = PBXFileReference; fileEncoding = 4; lastKnownFileType = sourcecode.cpp.cpp; name = XEntityStatistics.cpp; path = ../../../XCPP/XTable/XEntityStatistics.cpp; sourceTree = "<group>"; };
		4EB167EE1FD6894700D3A423 /* AIInterval.h */ = {isa = PBXFileReference; fileEncoding = 4; lastKnownFileType = sourcecode.c.h; name = AIInterval.h; path = ../../../XCPP/XTable/AIInterval.h; sourceTree = "<group>"; };
		4EB167EF1FD6894700D3A423 /* NativeInterface.cpp */ = {isa = PBXFileReference; fileEncoding = 4; lastKnownFileType = sourcecode.cpp.cpp; name = NativeInterface.cpp; path = ../../../XCPP/XTable/NativeInterface.cpp; sourceTree = "<group>"; };
		4EB167F01FD6894700D3A423 /* Common.h */ = {isa = PBXFileReference; fileEncoding = 4; lastKnownFileType = sourcecode.c.h; name = Common.h; path = ../../../XCPP/XTable/Common.h; sourceTree = "<group>"; };
		4EB167F11FD6894700D3A423 /* QteStatusList.cpp */ = {isa = PBXFileReference; fileEncoding = 4; lastKnownFileType = sourcecode.cpp.cpp; name = QteStatusList.cpp; path = ../../../XCPP/XTable/QteStatusList.cpp; sourceTree = "<group>"; };
		4EB167F21FD6894700D3A423 /* XEntityPresentation.cpp */ = {isa = PBXFileReference; fileEncoding = 4; lastKnownFileType = sourcecode.cpp.cpp; name = XEntityPresentation.cpp; path = ../../../XCPP/XTable/XEntityPresentation.cpp; sourceTree = "<group>"; };
		4EB167F31FD6894700D3A423 /* AIBase.h */ = {isa = PBXFileReference; fileEncoding = 4; lastKnownFileType = sourcecode.c.h; name = AIBase.h; path = ../../../XCPP/XTable/AIBase.h; sourceTree = "<group>"; };
		4EB167F41FD6894700D3A423 /* AIInterval.cpp */ = {isa = PBXFileReference; fileEncoding = 4; lastKnownFileType = sourcecode.cpp.cpp; name = AIInterval.cpp; path = ../../../XCPP/XTable/AIInterval.cpp; sourceTree = "<group>"; };
		4EB167F51FD6894700D3A423 /* AITreeData.cpp */ = {isa = PBXFileReference; fileEncoding = 4; lastKnownFileType = sourcecode.cpp.cpp; name = AITreeData.cpp; path = ../../../XCPP/XTable/AITreeData.cpp; sourceTree = "<group>"; };
		4EB167F61FD6894700D3A423 /* DefaultEquip.cpp */ = {isa = PBXFileReference; fileEncoding = 4; lastKnownFileType = sourcecode.cpp.cpp; name = DefaultEquip.cpp; path = ../../../XCPP/XTable/DefaultEquip.cpp; sourceTree = "<group>"; };
		4EB167F71FD6894800D3A423 /* DefaultEquip.h */ = {isa = PBXFileReference; fileEncoding = 4; lastKnownFileType = sourcecode.c.h; name = DefaultEquip.h; path = ../../../XCPP/XTable/DefaultEquip.h; sourceTree = "<group>"; };
		4EB167F81FD6894800D3A423 /* FashionList.h */ = {isa = PBXFileReference; fileEncoding = 4; lastKnownFileType = sourcecode.c.h; name = FashionList.h; path = ../../../XCPP/XTable/FashionList.h; sourceTree = "<group>"; };
		4EB167F91FD6894800D3A423 /* Log.cpp */ = {isa = PBXFileReference; fileEncoding = 4; lastKnownFileType = sourcecode.cpp.cpp; name = Log.cpp; path = ../../../XCPP/XTable/Log.cpp; sourceTree = "<group>"; };
		4EB167FA1FD6894800D3A423 /* SceneList.cpp */ = {isa = PBXFileReference; fileEncoding = 4; lastKnownFileType = sourcecode.cpp.cpp; name = SceneList.cpp; path = ../../../XCPP/XTable/SceneList.cpp; sourceTree = "<group>"; };
		4EB167FB1FD6894800D3A423 /* AISequence.h */ = {isa = PBXFileReference; fileEncoding = 4; lastKnownFileType = sourcecode.c.h; name = AISequence.h; path = ../../../XCPP/XTable/AISequence.h; sourceTree = "<group>"; };
		4EB167FC1FD6894800D3A423 /* NativeInterface.h */ = {isa = PBXFileReference; fileEncoding = 4; lastKnownFileType = sourcecode.c.h; name = NativeInterface.h; path = ../../../XCPP/XTable/NativeInterface.h; sourceTree = "<group>"; };
		4EB167FD1FD6894800D3A423 /* Common.cpp */ = {isa = PBXFileReference; fileEncoding = 4; lastKnownFileType = sourcecode.cpp.cpp; name = Common.cpp; path = ../../../XCPP/XTable/Common.cpp; sourceTree = "<group>"; };
		4EB167FE1FD6894800D3A423 /* XEntityStatistics.h */ = {isa = PBXFileReference; fileEncoding = 4; lastKnownFileType = sourcecode.c.h; name = XEntityStatistics.h; path = ../../../XCPP/XTable/XEntityStatistics.h; sourceTree = "<group>"; };
		4EB167FF1FD6894800D3A423 /* AISequence.cpp */ = {isa = PBXFileReference; fileEncoding = 4; lastKnownFileType = sourcecode.cpp.cpp; name = AISequence.cpp; path = ../../../XCPP/XTable/AISequence.cpp; sourceTree = "<group>"; };
		4EB168001FD6894900D3A423 /* FashionList.cpp */ = {isa = PBXFileReference; fileEncoding = 4; lastKnownFileType = sourcecode.cpp.cpp; name = FashionList.cpp; path = ../../../XCPP/XTable/FashionList.cpp; sourceTree = "<group>"; };
		4EB168011FD6894900D3A423 /* Log.h */ = {isa = PBXFileReference; fileEncoding = 4; lastKnownFileType = sourcecode.c.h; name = Log.h; path = ../../../XCPP/XTable/Log.h; sourceTree = "<group>"; };
		4EB168021FD6894900D3A423 /* AITree.h */ = {isa = PBXFileReference; fileEncoding = 4; lastKnownFileType = sourcecode.c.h; name = AITree.h; path = ../../../XCPP/XTable/AITree.h; sourceTree = "<group>"; };
		4EB168031FD6894900D3A423 /* EquipSuit.h */ = {isa = PBXFileReference; fileEncoding = 4; lastKnownFileType = sourcecode.c.h; name = EquipSuit.h; path = ../../../XCPP/XTable/EquipSuit.h; sourceTree = "<group>"; };
		4EB168041FD6894900D3A423 /* picojson.h */ = {isa = PBXFileReference; fileEncoding = 4; lastKnownFileType = sourcecode.c.h; name = picojson.h; path = ../../../XCPP/XTable/picojson.h; sourceTree = "<group>"; };
		4EB168051FD6894900D3A423 /* QteStatusList.h */ = {isa = PBXFileReference; fileEncoding = 4; lastKnownFileType = sourcecode.c.h; name = QteStatusList.h; path = ../../../XCPP/XTable/QteStatusList.h; sourceTree = "<group>"; };
		4EB168061FD6894900D3A423 /* AITreeData.h */ = {isa = PBXFileReference; fileEncoding = 4; lastKnownFileType = sourcecode.c.h; name = AITreeData.h; path = ../../../XCPP/XTable/AITreeData.h; sourceTree = "<group>"; };
		4EB168071FD6894900D3A423 /* EquipSuit.cpp */ = {isa = PBXFileReference; fileEncoding = 4; lastKnownFileType = sourcecode.cpp.cpp; name = EquipSuit.cpp; path = ../../../XCPP/XTable/EquipSuit.cpp; sourceTree = "<group>"; };
		4EB168081FD6894A00D3A423 /* XNpcList.cpp */ = {isa = PBXFileReference; fileEncoding = 4; lastKnownFileType = sourcecode.cpp.cpp; name = XNpcList.cpp; path = ../../../XCPP/XTable/XNpcList.cpp; sourceTree = "<group>"; };
/* End PBXFileReference section */

/* Begin PBXFrameworksBuildPhase section */
		4E8FC59E1FC6EB84003DB8C7 /* Frameworks */ = {
			isa = PBXFrameworksBuildPhase;
			buildActionMask = 2147483647;
			files = (
			);
			runOnlyForDeploymentPostprocessing = 0;
		};
/* End PBXFrameworksBuildPhase section */

/* Begin PBXGroup section */
		4E8FC5981FC6EB84003DB8C7 = {
			isa = PBXGroup;
			children = (
				4E8FC5A31FC6EB84003DB8C7 /* XTable */,
				4E8FC5A21FC6EB84003DB8C7 /* Products */,
			);
			sourceTree = "<group>";
		};
		4E8FC5A21FC6EB84003DB8C7 /* Products */ = {
			isa = PBXGroup;
			children = (
				4E8FC5A11FC6EB84003DB8C7 /* XTable.bundle */,
			);
			name = Products;
			sourceTree = "<group>";
		};
		4E8FC5A31FC6EB84003DB8C7 /* XTable */ = {
			isa = PBXGroup;
			children = (
				4EB167DA1FD6894600D3A423 /* AIBase.cpp */,
				4EB167F31FD6894700D3A423 /* AIBase.h */,
				4EB167E11FD6894600D3A423 /* AIBehaviour.cpp */,
				4EB167E31FD6894600D3A423 /* AIBehaviour.h */,
				4EB167E51FD6894600D3A423 /* AIFactory.cpp */,
				4EB167DB1FD6894600D3A423 /* AIFactory.h */,
				4EB167F41FD6894700D3A423 /* AIInterval.cpp */,
				4EB167EE1FD6894700D3A423 /* AIInterval.h */,
				4EB167EC1FD6894700D3A423 /* AISelector.cpp */,
				4EB167E91FD6894600D3A423 /* AISelector.h */,
				4EB167FF1FD6894800D3A423 /* AISequence.cpp */,
				4EB167FB1FD6894800D3A423 /* AISequence.h */,
				4EB167DE1FD6894600D3A423 /* AITree.cpp */,
				4EB168021FD6894900D3A423 /* AITree.h */,
				4EB167F51FD6894700D3A423 /* AITreeData.cpp */,
				4EB168061FD6894900D3A423 /* AITreeData.h */,
				4EB167FD1FD6894800D3A423 /* Common.cpp */,
				4EB167F01FD6894700D3A423 /* Common.h */,
				4EB167F61FD6894700D3A423 /* DefaultEquip.cpp */,
				4EB167F71FD6894800D3A423 /* DefaultEquip.h */,
				4EB168071FD6894900D3A423 /* EquipSuit.cpp */,
				4EB168031FD6894900D3A423 /* EquipSuit.h */,
				4EB168001FD6894900D3A423 /* FashionList.cpp */,
				4EB167F81FD6894800D3A423 /* FashionList.h */,
				4EB167E61FD6894600D3A423 /* FashionSuit.cpp */,
				4EB167EB1FD6894600D3A423 /* FashionSuit.h */,
				4EB167E41FD6894600D3A423 /* HPatchTest.h */,
				4EB167F91FD6894800D3A423 /* Log.cpp */,
				4EB168011FD6894900D3A423 /* Log.h */,
				4EB167EF1FD6894700D3A423 /* NativeInterface.cpp */,
				4EB167FC1FD6894800D3A423 /* NativeInterface.h */,
				4EB167EA1FD6894600D3A423 /* NativeReader.cpp */,
				4EB167DF1FD6894600D3A423 /* NativeReader.h */,
				4EB167E81FD6894600D3A423 /* patch_types.h */,
				4EB167E01FD6894600D3A423 /* patch.c */,
				4EB167E21FD6894600D3A423 /* patch.h */,
				4EB168041FD6894900D3A423 /* picojson.h */,
				4EB167F11FD6894700D3A423 /* QteStatusList.cpp */,
				4EB168051FD6894900D3A423 /* QteStatusList.h */,
				4EB167FA1FD6894800D3A423 /* SceneList.cpp */,
				4EB167DC1FD6894600D3A423 /* SceneList.h */,
				4EB167F21FD6894700D3A423 /* XEntityPresentation.cpp */,
				4EB167E71FD6894600D3A423 /* XEntityPresentation.h */,
				4EB167ED1FD6894700D3A423 /* XEntityStatistics.cpp */,
				4EB167FE1FD6894800D3A423 /* XEntityStatistics.h */,
				4EB168081FD6894A00D3A423 /* XNpcList.cpp */,
				4EB167DD1FD6894600D3A423 /* XNpcList.h */,
				4E8FC5A41FC6EB84003DB8C7 /* Info.plist */,
			);
			path = XTable;
			sourceTree = "<group>";
		};
/* End PBXGroup section */

/* Begin PBXNativeTarget section */
		4E8FC5A01FC6EB84003DB8C7 /* XTable */ = {
			isa = PBXNativeTarget;
			buildConfigurationList = 4E8FC5A71FC6EB84003DB8C7 /* Build configuration list for PBXNativeTarget "XTable" */;
			buildPhases = (
				4E8FC59D1FC6EB84003DB8C7 /* Sources */,
				4E8FC59E1FC6EB84003DB8C7 /* Frameworks */,
				4E8FC59F1FC6EB84003DB8C7 /* Resources */,
			);
			buildRules = (
			);
			dependencies = (
			);
			name = XTable;
			productName = XTable;
			productReference = 4E8FC5A11FC6EB84003DB8C7 /* XTable.bundle */;
			productType = "com.apple.product-type.bundle";
		};
/* End PBXNativeTarget section */

/* Begin PBXProject section */
		4E8FC5991FC6EB84003DB8C7 /* Project object */ = {
			isa = PBXProject;
			attributes = {
				LastUpgradeCheck = 0910;
				ORGANIZATIONNAME = "___FULLUSERNE___";
				TargetAttributes = {
					4E8FC5A01FC6EB84003DB8C7 = {
						CreatedOnToolsVersion = 9.1;
						ProvisioningStyle = Manual;
					};
				};
			};
			buildConfigurationList = 4E8FC59C1FC6EB84003DB8C7 /* Build configuration list for PBXProject "XTable" */;
			compatibilityVersion = "Xcode 8.0";
			developmentRegion = en;
			hasScannedForEncodings = 0;
			knownRegions = (
				en,
			);
			mainGroup = 4E8FC5981FC6EB84003DB8C7;
			productRefGroup = 4E8FC5A21FC6EB84003DB8C7 /* Products */;
			projectDirPath = "";
			projectRoot = "";
			targets = (
				4E8FC5A01FC6EB84003DB8C7 /* XTable */,
			);
		};
/* End PBXProject section */

/* Begin PBXResourcesBuildPhase section */
		4E8FC59F1FC6EB84003DB8C7 /* Resources */ = {
			isa = PBXResourcesBuildPhase;
			buildActionMask = 2147483647;
			files = (
			);
			runOnlyForDeploymentPostprocessing = 0;
		};
/* End PBXResourcesBuildPhase section */

/* Begin PBXSourcesBuildPhase section */
		4E8FC59D1FC6EB84003DB8C7 /* Sources */ = {
			isa = PBXSourcesBuildPhase;
			buildActionMask = 2147483647;
			files = (
				4EB1680D1FD6894A00D3A423 /* AIFactory.cpp in Sources */,
				4EB168141FD6894A00D3A423 /* XEntityPresentation.cpp in Sources */,
				4EB1681A1FD6894A00D3A423 /* Common.cpp in Sources */,
				4EB1680E1FD6894A00D3A423 /* FashionSuit.cpp in Sources */,
				4EB1681E1FD6894A00D3A423 /* XNpcList.cpp in Sources */,
				4EB1681C1FD6894A00D3A423 /* FashionList.cpp in Sources */,
				4EB168171FD6894A00D3A423 /* DefaultEquip.cpp in Sources */,
				4EB168131FD6894A00D3A423 /* QteStatusList.cpp in Sources */,
				4EB168121FD6894A00D3A423 /* NativeInterface.cpp in Sources */,
				4EB168101FD6894A00D3A423 /* AISelector.cpp in Sources */,
				4EB168191FD6894A00D3A423 /* SceneList.cpp in Sources */,
				4EB1680F1FD6894A00D3A423 /* NativeReader.cpp in Sources */,
				4EB168161FD6894A00D3A423 /* AITreeData.cpp in Sources */,
				4EB1681B1FD6894A00D3A423 /* AISequence.cpp in Sources */,
				4EB1681D1FD6894A00D3A423 /* EquipSuit.cpp in Sources */,
				4EB1680B1FD6894A00D3A423 /* patch.c in Sources */,
				4EB168181FD6894A00D3A423 /* Log.cpp in Sources */,
				4EB168091FD6894A00D3A423 /* AIBase.cpp in Sources */,
				4EB168151FD6894A00D3A423 /* AIInterval.cpp in Sources */,
				4EB168111FD6894A00D3A423 /* XEntityStatistics.cpp in Sources */,
				4EB1680A1FD6894A00D3A423 /* AITree.cpp in Sources */,
				4EB1680C1FD6894A00D3A423 /* AIBehaviour.cpp in Sources */,
			);
			runOnlyForDeploymentPostprocessing = 0;
		};
/* End PBXSourcesBuildPhase section */

/* Begin XCBuildConfiguration section */
		4E8FC5A51FC6EB84003DB8C7 /* Debug */ = {
			isa = XCBuildConfiguration;
			buildSettings = {
				ALWAYS_SEARCH_USER_PATHS = NO;
				CLANG_ANALYZER_NONNULL = YES;
				CLANG_ANALYZER_NUMBER_OBJECT_CONVERSION = YES_AGGRESSIVE;
				CLANG_CXX_LANGUAGE_STANDARD = "gnu++14";
				CLANG_CXX_LIBRARY = "libc++";
				CLANG_ENABLE_MODULES = YES;
				CLANG_ENABLE_OBJC_ARC = YES;
				CLANG_WARN_BLOCK_CAPTURE_AUTORELEASING = YES;
				CLANG_WARN_BOOL_CONVERSION = YES;
				CLANG_WARN_COMMA = YES;
				CLANG_WARN_CONSTANT_CONVERSION = YES;
				CLANG_WARN_DIRECT_OBJC_ISA_USAGE = YES_ERROR;
				CLANG_WARN_DOCUMENTATION_COMMENTS = YES;
				CLANG_WARN_EMPTY_BODY = YES;
				CLANG_WARN_ENUM_CONVERSION = YES;
				CLANG_WARN_INFINITE_RECURSION = YES;
				CLANG_WARN_INT_CONVERSION = YES;
				CLANG_WARN_NON_LITERAL_NULL_CONVERSION = YES;
				CLANG_WARN_OBJC_LITERAL_CONVERSION = YES;
				CLANG_WARN_OBJC_ROOT_CLASS = YES_ERROR;
				CLANG_WARN_RANGE_LOOP_ANALYSIS = YES;
				CLANG_WARN_STRICT_PROTOTYPES = YES;
				CLANG_WARN_SUSPICIOUS_MOVE = YES;
				CLANG_WARN_UNGUARDED_AVAILABILITY = YES_AGGRESSIVE;
				CLANG_WARN_UNREACHABLE_CODE = YES;
				CLANG_WARN__DUPLICATE_METHOD_MATCH = YES;
				CODE_SIGN_IDENTITY = "-";
				COPY_PHASE_STRIP = NO;
				DEBUG_INFORMATION_FORMAT = dwarf;
				ENABLE_STRICT_OBJC_MSGSEND = YES;
				ENABLE_TESTABILITY = YES;
				GCC_C_LANGUAGE_STANDARD = gnu11;
				GCC_DYNAMIC_NO_PIC = NO;
				GCC_NO_COMMON_BLOCKS = YES;
				GCC_OPTIMIZATION_LEVEL = 0;
				GCC_PREPROCESSOR_DEFINITIONS = (
					"DEBUG=1",
					"$(inherited)",
				);
				GCC_WARN_64_TO_32_BIT_CONVERSION = YES;
				GCC_WARN_ABOUT_RETURN_TYPE = YES_ERROR;
				GCC_WARN_UNDECLARED_SELECTOR = YES;
				GCC_WARN_UNINITIALIZED_AUTOS = YES_AGGRESSIVE;
				GCC_WARN_UNUSED_FUNCTION = YES;
				GCC_WARN_UNUSED_VARIABLE = YES;
				MACOSX_DEPLOYMENT_TARGET = 10.12;
				MTL_ENABLE_DEBUG_INFO = YES;
				ONLY_ACTIVE_ARCH = YES;
				SDKROOT = macosx;
			};
			name = Debug;
		};
		4E8FC5A61FC6EB84003DB8C7 /* Release */ = {
			isa = XCBuildConfiguration;
			buildSettings = {
				ALWAYS_SEARCH_USER_PATHS = NO;
				CLANG_ANALYZER_NONNULL = YES;
				CLANG_ANALYZER_NUMBER_OBJECT_CONVERSION = YES_AGGRESSIVE;
				CLANG_CXX_LANGUAGE_STANDARD = "gnu++14";
				CLANG_CXX_LIBRARY = "libc++";
				CLANG_ENABLE_MODULES = YES;
				CLANG_ENABLE_OBJC_ARC = YES;
				CLANG_WARN_BLOCK_CAPTURE_AUTORELEASING = YES;
				CLANG_WARN_BOOL_CONVERSION = YES;
				CLANG_WARN_COMMA = YES;
				CLANG_WARN_CONSTANT_CONVERSION = YES;
				CLANG_WARN_DIRECT_OBJC_ISA_USAGE = YES_ERROR;
				CLANG_WARN_DOCUMENTATION_COMMENTS = YES;
				CLANG_WARN_EMPTY_BODY = YES;
				CLANG_WARN_ENUM_CONVERSION = YES;
				CLANG_WARN_INFINITE_RECURSION = YES;
				CLANG_WARN_INT_CONVERSION = YES;
				CLANG_WARN_NON_LITERAL_NULL_CONVERSION = YES;
				CLANG_WARN_OBJC_LITERAL_CONVERSION = YES;
				CLANG_WARN_OBJC_ROOT_CLASS = YES_ERROR;
				CLANG_WARN_RANGE_LOOP_ANALYSIS = YES;
				CLANG_WARN_STRICT_PROTOTYPES = YES;
				CLANG_WARN_SUSPICIOUS_MOVE = YES;
				CLANG_WARN_UNGUARDED_AVAILABILITY = YES_AGGRESSIVE;
				CLANG_WARN_UNREACHABLE_CODE = YES;
				CLANG_WARN__DUPLICATE_METHOD_MATCH = YES;
				CODE_SIGN_IDENTITY = "-";
				COPY_PHASE_STRIP = NO;
				DEBUG_INFORMATION_FORMAT = "dwarf-with-dsym";
				ENABLE_NS_ASSERTIONS = NO;
				ENABLE_STRICT_OBJC_MSGSEND = YES;
				GCC_C_LANGUAGE_STANDARD = gnu11;
				GCC_NO_COMMON_BLOCKS = YES;
				GCC_WARN_64_TO_32_BIT_CONVERSION = YES;
				GCC_WARN_ABOUT_RETURN_TYPE = YES_ERROR;
				GCC_WARN_UNDECLARED_SELECTOR = YES;
				GCC_WARN_UNINITIALIZED_AUTOS = YES_AGGRESSIVE;
				GCC_WARN_UNUSED_FUNCTION = YES;
				GCC_WARN_UNUSED_VARIABLE = YES;
				MACOSX_DEPLOYMENT_TARGET = 10.12;
				MTL_ENABLE_DEBUG_INFO = NO;
				SDKROOT = macosx;
			};
			name = Release;
		};
		4E8FC5A81FC6EB84003DB8C7 /* Debug */ = {
			isa = XCBuildConfiguration;
			buildSettings = {
				CODE_SIGN_STYLE = Manual;
				COMBINE_HIDPI_IMAGES = YES;
				DEVELOPMENT_TEAM = 8VLYWLCLEX;
				INFOPLIST_FILE = XTable/Info.plist;
				INSTALL_PATH = "$(LOCAL_LIBRARY_DIR)/Bundles";
				PRODUCT_BUNDLE_IDENTIFIER = com.yunstudio.XTable;
				PRODUCT_NAME = "$(TARGET_NAME)";
				PROVISIONING_PROFILE_SPECIFIER = "";
				SKIP_INSTALL = YES;
				WRAPPER_EXTENSION = bundle;
			};
			name = Debug;
		};
		4E8FC5A91FC6EB84003DB8C7 /* Release */ = {
			isa = XCBuildConfiguration;
			buildSettings = {
				CODE_SIGN_STYLE = Manual;
				COMBINE_HIDPI_IMAGES = YES;
				DEVELOPMENT_TEAM = "";
				INFOPLIST_FILE = XTable/Info.plist;
				INSTALL_PATH = "$(LOCAL_LIBRARY_DIR)/Bundles";
				PRODUCT_BUNDLE_IDENTIFIER = com.yunstudio.XTable;
				PRODUCT_NAME = "$(TARGET_NAME)";
				PROVISIONING_PROFILE_SPECIFIER = "";
				SKIP_INSTALL = YES;
				WRAPPER_EXTENSION = bundle;
			};
			name = Release;
		};
/* End XCBuildConfiguration section */

/* Begin XCConfigurationList section */
		4E8FC59C1FC6EB84003DB8C7 /* Build configuration list for PBXProject "XTable" */ = {
			isa = XCConfigurationList;
			buildConfigurations = (
				4E8FC5A51FC6EB84003DB8C7 /* Debug */,
				4E8FC5A61FC6EB84003DB8C7 /* Release */,
			);
			defaultConfigurationIsVisible = 0;
			defaultConfigurationName = Release;
		};
		4E8FC5A71FC6EB84003DB8C7 /* Build configuration list for PBXNativeTarget "XTable" */ = {
			isa = XCConfigurationList;
			buildConfigurations = (
				4E8FC5A81FC6EB84003DB8C7 /* Debug */,
				4E8FC5A91FC6EB84003DB8C7 /* Release */,
			);
			defaultConfigurationIsVisible = 0;
			defaultConfigurationName = Release;
		};
/* End XCConfigurationList section */
	};
	rootObject = 4E8FC5991FC6EB84003DB8C7 /* Project object */;
}
